// !$*UTF8*$!
{
	archiveVersion = 1;
	classes = {
	};
	objectVersion = 55;
	objects = {

/* Begin PBXBuildFile section */
		2B8CF0F327EFAFFB00765112 /* AppDelegate.swift in Sources */ = {isa = PBXBuildFile; fileRef = 2B8CF0F227EFAFFB00765112 /* AppDelegate.swift */; };
		2B8CF0F527EFAFFB00765112 /* SceneDelegate.swift in Sources */ = {isa = PBXBuildFile; fileRef = 2B8CF0F427EFAFFB00765112 /* SceneDelegate.swift */; };
		2B8CF0F727EFAFFB00765112 /* ViewController.swift in Sources */ = {isa = PBXBuildFile; fileRef = 2B8CF0F627EFAFFB00765112 /* ViewController.swift */; };
		2B8CF0FC27EFAFFE00765112 /* Assets.xcassets in Resources */ = {isa = PBXBuildFile; fileRef = 2B8CF0FB27EFAFFE00765112 /* Assets.xcassets */; };
		2B8CF10727EFB37700765112 /* Splashscreen.xib in Resources */ = {isa = PBXBuildFile; fileRef = 2B8CF10627EFB37700765112 /* Splashscreen.xib */; };
		2BA04E0A27F8D68A00499828 /* NetworkService.swift in Sources */ = {isa = PBXBuildFile; fileRef = 2BA04E0927F8D68A00499828 /* NetworkService.swift */; };
		2BA04E0D27F8D73900499828 /* Alamofire in Frameworks */ = {isa = PBXBuildFile; productRef = 2BA04E0C27F8D73900499828 /* Alamofire */; };
		2BA04E0F27F8D7FD00499828 /* NetworkProtocols.swift in Sources */ = {isa = PBXBuildFile; fileRef = 2BA04E0E27F8D7FD00499828 /* NetworkProtocols.swift */; };
		2BA04E1127F8D90000499828 /* AuthService.swift in Sources */ = {isa = PBXBuildFile; fileRef = 2BA04E1027F8D90000499828 /* AuthService.swift */; };
		2BA04E1427F8D9CE00499828 /* AuthRawModels.swift in Sources */ = {isa = PBXBuildFile; fileRef = 2BA04E1327F8D9CE00499828 /* AuthRawModels.swift */; };
		2BA04E1827F8DA0100499828 /* Result.swift in Sources */ = {isa = PBXBuildFile; fileRef = 2BA04E1727F8DA0100499828 /* Result.swift */; };
		2BA04E1A27F8DA2600499828 /* Errors.swift in Sources */ = {isa = PBXBuildFile; fileRef = 2BA04E1927F8DA2600499828 /* Errors.swift */; };
/* End PBXBuildFile section */

/* Begin PBXFileReference section */
		2B8CF0EF27EFAFFB00765112 /* Dressed.app */ = {isa = PBXFileReference; explicitFileType = wrapper.application; includeInIndex = 0; path = Dressed.app; sourceTree = BUILT_PRODUCTS_DIR; };
		2B8CF0F227EFAFFB00765112 /* AppDelegate.swift */ = {isa = PBXFileReference; lastKnownFileType = sourcecode.swift; path = AppDelegate.swift; sourceTree = "<group>"; };
		2B8CF0F427EFAFFB00765112 /* SceneDelegate.swift */ = {isa = PBXFileReference; lastKnownFileType = sourcecode.swift; path = SceneDelegate.swift; sourceTree = "<group>"; };
		2B8CF0F627EFAFFB00765112 /* ViewController.swift */ = {isa = PBXFileReference; lastKnownFileType = sourcecode.swift; path = ViewController.swift; sourceTree = "<group>"; };
		2B8CF0FB27EFAFFE00765112 /* Assets.xcassets */ = {isa = PBXFileReference; lastKnownFileType = folder.assetcatalog; path = Assets.xcassets; sourceTree = "<group>"; };
		2B8CF10027EFAFFE00765112 /* Info.plist */ = {isa = PBXFileReference; lastKnownFileType = text.plist.xml; path = Info.plist; sourceTree = "<group>"; };
		2B8CF10627EFB37700765112 /* Splashscreen.xib */ = {isa = PBXFileReference; lastKnownFileType = file.xib; path = Splashscreen.xib; sourceTree = "<group>"; };
		2BA04E0927F8D68A00499828 /* NetworkService.swift */ = {isa = PBXFileReference; lastKnownFileType = sourcecode.swift; path = NetworkService.swift; sourceTree = "<group>"; };
		2BA04E0E27F8D7FD00499828 /* NetworkProtocols.swift */ = {isa = PBXFileReference; lastKnownFileType = sourcecode.swift; path = NetworkProtocols.swift; sourceTree = "<group>"; };
		2BA04E1027F8D90000499828 /* AuthService.swift */ = {isa = PBXFileReference; lastKnownFileType = sourcecode.swift; path = AuthService.swift; sourceTree = "<group>"; };
		2BA04E1327F8D9CE00499828 /* AuthRawModels.swift */ = {isa = PBXFileReference; lastKnownFileType = sourcecode.swift; path = AuthRawModels.swift; sourceTree = "<group>"; };
		2BA04E1727F8DA0100499828 /* Result.swift */ = {isa = PBXFileReference; lastKnownFileType = sourcecode.swift; path = Result.swift; sourceTree = "<group>"; };
		2BA04E1927F8DA2600499828 /* Errors.swift */ = {isa = PBXFileReference; lastKnownFileType = sourcecode.swift; path = Errors.swift; sourceTree = "<group>"; };
/* End PBXFileReference section */

/* Begin PBXFrameworksBuildPhase section */
		2B8CF0EC27EFAFFB00765112 /* Frameworks */ = {
			isa = PBXFrameworksBuildPhase;
			buildActionMask = 2147483647;
			files = (
				2BA04E0D27F8D73900499828 /* Alamofire in Frameworks */,
			);
			runOnlyForDeploymentPostprocessing = 0;
		};
/* End PBXFrameworksBuildPhase section */

/* Begin PBXGroup section */
		2B8CF0E627EFAFFB00765112 = {
			isa = PBXGroup;
			children = (
				2B8CF0F127EFAFFB00765112 /* Dressed */,
				2B8CF0F027EFAFFB00765112 /* Products */,
			);
			sourceTree = "<group>";
		};
		2B8CF0F027EFAFFB00765112 /* Products */ = {
			isa = PBXGroup;
			children = (
				2B8CF0EF27EFAFFB00765112 /* Dressed.app */,
			);
			name = Products;
			sourceTree = "<group>";
		};
		2B8CF0F127EFAFFB00765112 /* Dressed */ = {
			isa = PBXGroup;
			children = (
				2BA04E0427F8D61300499828 /* Services */,
				2B8CF0F227EFAFFB00765112 /* AppDelegate.swift */,
				2B8CF0F427EFAFFB00765112 /* SceneDelegate.swift */,
				2B8CF0F627EFAFFB00765112 /* ViewController.swift */,
				2B8CF0FB27EFAFFE00765112 /* Assets.xcassets */,
				2B8CF10027EFAFFE00765112 /* Info.plist */,
				2B8CF10627EFB37700765112 /* Splashscreen.xib */,
			);
			path = Dressed;
			sourceTree = "<group>";
		};
		2BA04E0427F8D61300499828 /* Services */ = {
			isa = PBXGroup;
			children = (
				2BA04E0527F8D62B00499828 /* Network */,
			);
			path = Services;
			sourceTree = "<group>";
		};
		2BA04E0527F8D62B00499828 /* Network */ = {
			isa = PBXGroup;
			children = (
				2BA04E0827F8D64900499828 /* Common */,
				2BA04E0727F8D63700499828 /* Auth */,
				2BA04E0627F8D63100499828 /* Protocols */,
			);
			path = Network;
			sourceTree = "<group>";
		};
		2BA04E0627F8D63100499828 /* Protocols */ = {
			isa = PBXGroup;
			children = (
				2BA04E0E27F8D7FD00499828 /* NetworkProtocols.swift */,
			);
			path = Protocols;
			sourceTree = "<group>";
		};
		2BA04E0727F8D63700499828 /* Auth */ = {
			isa = PBXGroup;
			children = (
				2BA04E1227F8D9A500499828 /* RawModels */,
				2BA04E1027F8D90000499828 /* AuthService.swift */,
			);
			path = Auth;
			sourceTree = "<group>";
		};
		2BA04E0827F8D64900499828 /* Common */ = {
			isa = PBXGroup;
			children = (
				2BA04E1627F8D9F100499828 /* Result */,
				2BA04E1527F8D9EC00499828 /* Errors */,
				2BA04E0927F8D68A00499828 /* NetworkService.swift */,
			);
			path = Common;
			sourceTree = "<group>";
		};
		2BA04E1227F8D9A500499828 /* RawModels */ = {
			isa = PBXGroup;
			children = (
				2BA04E1327F8D9CE00499828 /* AuthRawModels.swift */,
			);
			path = RawModels;
			sourceTree = "<group>";
		};
		2BA04E1527F8D9EC00499828 /* Errors */ = {
			isa = PBXGroup;
			children = (
				2BA04E1927F8DA2600499828 /* Errors.swift */,
			);
			path = Errors;
			sourceTree = "<group>";
		};
		2BA04E1627F8D9F100499828 /* Result */ = {
			isa = PBXGroup;
			children = (
				2BA04E1727F8DA0100499828 /* Result.swift */,
			);
			path = Result;
			sourceTree = "<group>";
		};
/* End PBXGroup section */

/* Begin PBXNativeTarget section */
		2B8CF0EE27EFAFFB00765112 /* Dressed */ = {
			isa = PBXNativeTarget;
			buildConfigurationList = 2B8CF10327EFAFFE00765112 /* Build configuration list for PBXNativeTarget "Dressed" */;
			buildPhases = (
				2B8CF0EB27EFAFFB00765112 /* Sources */,
				2B8CF0EC27EFAFFB00765112 /* Frameworks */,
				2B8CF0ED27EFAFFB00765112 /* Resources */,
			);
			buildRules = (
			);
			dependencies = (
			);
			name = Dressed;
			packageProductDependencies = (
				2BA04E0C27F8D73900499828 /* Alamofire */,
			);
			productName = Dressed;
			productReference = 2B8CF0EF27EFAFFB00765112 /* Dressed.app */;
			productType = "com.apple.product-type.application";
		};
/* End PBXNativeTarget section */

/* Begin PBXProject section */
		2B8CF0E727EFAFFB00765112 /* Project object */ = {
			isa = PBXProject;
			attributes = {
				BuildIndependentTargetsInParallel = 1;
				LastSwiftUpdateCheck = 1320;
				LastUpgradeCheck = 1320;
				TargetAttributes = {
					2B8CF0EE27EFAFFB00765112 = {
						CreatedOnToolsVersion = 13.2.1;
					};
				};
			};
			buildConfigurationList = 2B8CF0EA27EFAFFB00765112 /* Build configuration list for PBXProject "Dressed" */;
			compatibilityVersion = "Xcode 13.0";
			developmentRegion = en;
			hasScannedForEncodings = 0;
			knownRegions = (
				en,
				Base,
			);
			mainGroup = 2B8CF0E627EFAFFB00765112;
			packageReferences = (
				2BA04E0B27F8D73900499828 /* XCRemoteSwiftPackageReference "Alamofire" */,
			);
			productRefGroup = 2B8CF0F027EFAFFB00765112 /* Products */;
			projectDirPath = "";
			projectRoot = "";
			targets = (
				2B8CF0EE27EFAFFB00765112 /* Dressed */,
			);
		};
/* End PBXProject section */

/* Begin PBXResourcesBuildPhase section */
		2B8CF0ED27EFAFFB00765112 /* Resources */ = {
			isa = PBXResourcesBuildPhase;
			buildActionMask = 2147483647;
			files = (
				2B8CF10727EFB37700765112 /* Splashscreen.xib in Resources */,
				2B8CF0FC27EFAFFE00765112 /* Assets.xcassets in Resources */,
			);
			runOnlyForDeploymentPostprocessing = 0;
		};
/* End PBXResourcesBuildPhase section */

/* Begin PBXSourcesBuildPhase section */
		2B8CF0EB27EFAFFB00765112 /* Sources */ = {
			isa = PBXSourcesBuildPhase;
			buildActionMask = 2147483647;
			files = (
				2B8CF0F727EFAFFB00765112 /* ViewController.swift in Sources */,
				2B8CF0F327EFAFFB00765112 /* AppDelegate.swift in Sources */,
				2BA04E1427F8D9CE00499828 /* AuthRawModels.swift in Sources */,
				2BA04E0A27F8D68A00499828 /* NetworkService.swift in Sources */,
				2BA04E1127F8D90000499828 /* AuthService.swift in Sources */,
				2B8CF0F527EFAFFB00765112 /* SceneDelegate.swift in Sources */,
				2BA04E1827F8DA0100499828 /* Result.swift in Sources */,
				2BA04E1A27F8DA2600499828 /* Errors.swift in Sources */,
				2BA04E0F27F8D7FD00499828 /* NetworkProtocols.swift in Sources */,
			);
			runOnlyForDeploymentPostprocessing = 0;
		};
/* End PBXSourcesBuildPhase section */

/* Begin XCBuildConfiguration section */
		2B8CF10127EFAFFE00765112 /* Debug */ = {
			isa = XCBuildConfiguration;
			buildSettings = {
				ALWAYS_SEARCH_USER_PATHS = NO;
				CLANG_ANALYZER_NONNULL = YES;
				CLANG_ANALYZER_NUMBER_OBJECT_CONVERSION = YES_AGGRESSIVE;
				CLANG_CXX_LANGUAGE_STANDARD = "gnu++17";
				CLANG_CXX_LIBRARY = "libc++";
				CLANG_ENABLE_MODULES = YES;
				CLANG_ENABLE_OBJC_ARC = YES;
				CLANG_ENABLE_OBJC_WEAK = YES;
				CLANG_WARN_BLOCK_CAPTURE_AUTORELEASING = YES;
				CLANG_WARN_BOOL_CONVERSION = YES;
				CLANG_WARN_COMMA = YES;
				CLANG_WARN_CONSTANT_CONVERSION = YES;
				CLANG_WARN_DEPRECATED_OBJC_IMPLEMENTATIONS = YES;
				CLANG_WARN_DIRECT_OBJC_ISA_USAGE = YES_ERROR;
				CLANG_WARN_DOCUMENTATION_COMMENTS = YES;
				CLANG_WARN_EMPTY_BODY = YES;
				CLANG_WARN_ENUM_CONVERSION = YES;
				CLANG_WARN_INFINITE_RECURSION = YES;
				CLANG_WARN_INT_CONVERSION = YES;
				CLANG_WARN_NON_LITERAL_NULL_CONVERSION = YES;
				CLANG_WARN_OBJC_IMPLICIT_RETAIN_SELF = YES;
				CLANG_WARN_OBJC_LITERAL_CONVERSION = YES;
				CLANG_WARN_OBJC_ROOT_CLASS = YES_ERROR;
				CLANG_WARN_QUOTED_INCLUDE_IN_FRAMEWORK_HEADER = YES;
				CLANG_WARN_RANGE_LOOP_ANALYSIS = YES;
				CLANG_WARN_STRICT_PROTOTYPES = YES;
				CLANG_WARN_SUSPICIOUS_MOVE = YES;
				CLANG_WARN_UNGUARDED_AVAILABILITY = YES_AGGRESSIVE;
				CLANG_WARN_UNREACHABLE_CODE = YES;
				CLANG_WARN__DUPLICATE_METHOD_MATCH = YES;
				COPY_PHASE_STRIP = NO;
				DEBUG_INFORMATION_FORMAT = dwarf;
				ENABLE_STRICT_OBJC_MSGSEND = YES;
				ENABLE_TESTABILITY = YES;
				GCC_C_LANGUAGE_STANDARD = gnu11;
				GCC_DYNAMIC_NO_PIC = NO;
				GCC_NO_COMMON_BLOCKS = YES;
				GCC_OPTIMIZATION_LEVEL = 0;
				GCC_PREPROCESSOR_DEFINITIONS = (
					"DEBUG=1",
					"$(inherited)",
				);
				GCC_WARN_64_TO_32_BIT_CONVERSION = YES;
				GCC_WARN_ABOUT_RETURN_TYPE = YES_ERROR;
				GCC_WARN_UNDECLARED_SELECTOR = YES;
				GCC_WARN_UNINITIALIZED_AUTOS = YES_AGGRESSIVE;
				GCC_WARN_UNUSED_FUNCTION = YES;
				GCC_WARN_UNUSED_VARIABLE = YES;
				IPHONEOS_DEPLOYMENT_TARGET = 15.2;
				MTL_ENABLE_DEBUG_INFO = INCLUDE_SOURCE;
				MTL_FAST_MATH = YES;
				ONLY_ACTIVE_ARCH = YES;
				SDKROOT = iphoneos;
				SWIFT_ACTIVE_COMPILATION_CONDITIONS = DEBUG;
				SWIFT_OPTIMIZATION_LEVEL = "-Onone";
			};
			name = Debug;
		};
		2B8CF10227EFAFFE00765112 /* Release */ = {
			isa = XCBuildConfiguration;
			buildSettings = {
				ALWAYS_SEARCH_USER_PATHS = NO;
				CLANG_ANALYZER_NONNULL = YES;
				CLANG_ANALYZER_NUMBER_OBJECT_CONVERSION = YES_AGGRESSIVE;
				CLANG_CXX_LANGUAGE_STANDARD = "gnu++17";
				CLANG_CXX_LIBRARY = "libc++";
				CLANG_ENABLE_MODULES = YES;
				CLANG_ENABLE_OBJC_ARC = YES;
				CLANG_ENABLE_OBJC_WEAK = YES;
				CLANG_WARN_BLOCK_CAPTURE_AUTORELEASING = YES;
				CLANG_WARN_BOOL_CONVERSION = YES;
				CLANG_WARN_COMMA = YES;
				CLANG_WARN_CONSTANT_CONVERSION = YES;
				CLANG_WARN_DEPRECATED_OBJC_IMPLEMENTATIONS = YES;
				CLANG_WARN_DIRECT_OBJC_ISA_USAGE = YES_ERROR;
				CLANG_WARN_DOCUMENTATION_COMMENTS = YES;
				CLANG_WARN_EMPTY_BODY = YES;
				CLANG_WARN_ENUM_CONVERSION = YES;
				CLANG_WARN_INFINITE_RECURSION = YES;
				CLANG_WARN_INT_CONVERSION = YES;
				CLANG_WARN_NON_LITERAL_NULL_CONVERSION = YES;
				CLANG_WARN_OBJC_IMPLICIT_RETAIN_SELF = YES;
				CLANG_WARN_OBJC_LITERAL_CONVERSION = YES;
				CLANG_WARN_OBJC_ROOT_CLASS = YES_ERROR;
				CLANG_WARN_QUOTED_INCLUDE_IN_FRAMEWORK_HEADER = YES;
				CLANG_WARN_RANGE_LOOP_ANALYSIS = YES;
				CLANG_WARN_STRICT_PROTOTYPES = YES;
				CLANG_WARN_SUSPICIOUS_MOVE = YES;
				CLANG_WARN_UNGUARDED_AVAILABILITY = YES_AGGRESSIVE;
				CLANG_WARN_UNREACHABLE_CODE = YES;
				CLANG_WARN__DUPLICATE_METHOD_MATCH = YES;
				COPY_PHASE_STRIP = NO;
				DEBUG_INFORMATION_FORMAT = "dwarf-with-dsym";
				ENABLE_NS_ASSERTIONS = NO;
				ENABLE_STRICT_OBJC_MSGSEND = YES;
				GCC_C_LANGUAGE_STANDARD = gnu11;
				GCC_NO_COMMON_BLOCKS = YES;
				GCC_WARN_64_TO_32_BIT_CONVERSION = YES;
				GCC_WARN_ABOUT_RETURN_TYPE = YES_ERROR;
				GCC_WARN_UNDECLARED_SELECTOR = YES;
				GCC_WARN_UNINITIALIZED_AUTOS = YES_AGGRESSIVE;
				GCC_WARN_UNUSED_FUNCTION = YES;
				GCC_WARN_UNUSED_VARIABLE = YES;
				IPHONEOS_DEPLOYMENT_TARGET = 15.2;
				MTL_ENABLE_DEBUG_INFO = NO;
				MTL_FAST_MATH = YES;
				SDKROOT = iphoneos;
				SWIFT_COMPILATION_MODE = wholemodule;
				SWIFT_OPTIMIZATION_LEVEL = "-O";
				VALIDATE_PRODUCT = YES;
			};
			name = Release;
		};
		2B8CF10427EFAFFE00765112 /* Debug */ = {
			isa = XCBuildConfiguration;
			buildSettings = {
				ASSETCATALOG_COMPILER_APPICON_NAME = AppIcon;
				ASSETCATALOG_COMPILER_GLOBAL_ACCENT_COLOR_NAME = AccentColor;
				CODE_SIGN_STYLE = Automatic;
				CURRENT_PROJECT_VERSION = 1;
				DEVELOPMENT_TEAM = 5WK7AWBT7Z;
				GENERATE_INFOPLIST_FILE = YES;
				INFOPLIST_FILE = Dressed/Info.plist;
				INFOPLIST_KEY_UIApplicationSupportsIndirectInputEvents = YES;
				INFOPLIST_KEY_UILaunchStoryboardName = Splashscreen;
				INFOPLIST_KEY_UISupportedInterfaceOrientations_iPad = "UIInterfaceOrientationPortrait UIInterfaceOrientationPortraitUpsideDown UIInterfaceOrientationLandscapeLeft UIInterfaceOrientationLandscapeRight";
				INFOPLIST_KEY_UISupportedInterfaceOrientations_iPhone = "UIInterfaceOrientationPortrait UIInterfaceOrientationLandscapeLeft UIInterfaceOrientationLandscapeRight";
				IPHONEOS_DEPLOYMENT_TARGET = 14.0;
				LD_RUNPATH_SEARCH_PATHS = (
					"$(inherited)",
					"@executable_path/Frameworks",
				);
				MARKETING_VERSION = 1.0;
				PRODUCT_BUNDLE_IDENTIFIER = vkrivozubov.Dressed;
				PRODUCT_NAME = "$(TARGET_NAME)";
				SWIFT_EMIT_LOC_STRINGS = YES;
				SWIFT_VERSION = 5.0;
				TARGETED_DEVICE_FAMILY = "1,2";
			};
			name = Debug;
		};
		2B8CF10527EFAFFE00765112 /* Release */ = {
			isa = XCBuildConfiguration;
			buildSettings = {
				ASSETCATALOG_COMPILER_APPICON_NAME = AppIcon;
				ASSETCATALOG_COMPILER_GLOBAL_ACCENT_COLOR_NAME = AccentColor;
				CODE_SIGN_STYLE = Automatic;
				CURRENT_PROJECT_VERSION = 1;
				DEVELOPMENT_TEAM = 5WK7AWBT7Z;
				GENERATE_INFOPLIST_FILE = YES;
				INFOPLIST_FILE = Dressed/Info.plist;
				INFOPLIST_KEY_UIApplicationSupportsIndirectInputEvents = YES;
				INFOPLIST_KEY_UILaunchStoryboardName = Splashscreen;
				INFOPLIST_KEY_UISupportedInterfaceOrientations_iPad = "UIInterfaceOrientationPortrait UIInterfaceOrientationPortraitUpsideDown UIInterfaceOrientationLandscapeLeft UIInterfaceOrientationLandscapeRight";
				INFOPLIST_KEY_UISupportedInterfaceOrientations_iPhone = "UIInterfaceOrientationPortrait UIInterfaceOrientationLandscapeLeft UIInterfaceOrientationLandscapeRight";
				IPHONEOS_DEPLOYMENT_TARGET = 14.0;
				LD_RUNPATH_SEARCH_PATHS = (
					"$(inherited)",
					"@executable_path/Frameworks",
				);
				MARKETING_VERSION = 1.0;
				PRODUCT_BUNDLE_IDENTIFIER = vkrivozubov.Dressed;
				PRODUCT_NAME = "$(TARGET_NAME)";
				SWIFT_EMIT_LOC_STRINGS = YES;
				SWIFT_VERSION = 5.0;
				TARGETED_DEVICE_FAMILY = "1,2";
			};
			name = Release;
		};
/* End XCBuildConfiguration section */

/* Begin XCConfigurationList section */
		2B8CF0EA27EFAFFB00765112 /* Build configuration list for PBXProject "Dressed" */ = {
			isa = XCConfigurationList;
			buildConfigurations = (
				2B8CF10127EFAFFE00765112 /* Debug */,
				2B8CF10227EFAFFE00765112 /* Release */,
			);
			defaultConfigurationIsVisible = 0;
			defaultConfigurationName = Release;
		};
		2B8CF10327EFAFFE00765112 /* Build configuration list for PBXNativeTarget "Dressed" */ = {
			isa = XCConfigurationList;
			buildConfigurations = (
				2B8CF10427EFAFFE00765112 /* Debug */,
				2B8CF10527EFAFFE00765112 /* Release */,
			);
			defaultConfigurationIsVisible = 0;
			defaultConfigurationName = Release;
		};
/* End XCConfigurationList section */

/* Begin XCRemoteSwiftPackageReference section */
		2BA04E0B27F8D73900499828 /* XCRemoteSwiftPackageReference "Alamofire" */ = {
			isa = XCRemoteSwiftPackageReference;
			repositoryURL = "https://github.com/Alamofire/Alamofire";
			requirement = {
				kind = upToNextMajorVersion;
				minimumVersion = 5.0.0;
			};
		};
/* End XCRemoteSwiftPackageReference section */

/* Begin XCSwiftPackageProductDependency section */
		2BA04E0C27F8D73900499828 /* Alamofire */ = {
			isa = XCSwiftPackageProductDependency;
			package = 2BA04E0B27F8D73900499828 /* XCRemoteSwiftPackageReference "Alamofire" */;
			productName = Alamofire;
		};
/* End XCSwiftPackageProductDependency section */
	};
	rootObject = 2B8CF0E727EFAFFB00765112 /* Project object */;
}
