// !$*UTF8*$!
{
	archiveVersion = 1;
	classes = {
	};
	objectVersion = 55;
	objects = {

/* Begin PBXBuildFile section */
		13900AFA2801DBD30045A6F2 /* MainScreenContainer.swift in Sources */ = {isa = PBXBuildFile; fileRef = 13900AF92801DBD30045A6F2 /* MainScreenContainer.swift */; };
		13900B082801DBDA0045A6F2 /* MainScreenInteractor.swift in Sources */ = {isa = PBXBuildFile; fileRef = 13900AFC2801DBD90045A6F2 /* MainScreenInteractor.swift */; };
		13900B092801DBDA0045A6F2 /* WardrobeData.swift in Sources */ = {isa = PBXBuildFile; fileRef = 13900AFE2801DBD90045A6F2 /* WardrobeData.swift */; };
		13900B0A2801DBDA0045A6F2 /* MainScreenPresenter.swift in Sources */ = {isa = PBXBuildFile; fileRef = 13900B002801DBD90045A6F2 /* MainScreenPresenter.swift */; };
		13900B0B2801DBDA0045A6F2 /* MainScreenCell.swift in Sources */ = {isa = PBXBuildFile; fileRef = 13900B022801DBDA0045A6F2 /* MainScreenCell.swift */; };
		13900B0C2801DBDA0045A6F2 /* MainScreenViewController.swift in Sources */ = {isa = PBXBuildFile; fileRef = 13900B032801DBDA0045A6F2 /* MainScreenViewController.swift */; };
		13900B0D2801DBDA0045A6F2 /* MainScreenProtocols.swift in Sources */ = {isa = PBXBuildFile; fileRef = 13900B052801DBDA0045A6F2 /* MainScreenProtocols.swift */; };
		13900B0E2801DBDA0045A6F2 /* MainScreenRouter.swift in Sources */ = {isa = PBXBuildFile; fileRef = 13900B072801DBDA0045A6F2 /* MainScreenRouter.swift */; };
		13900B102801DDB90045A6F2 /* Wardrobe.swift in Sources */ = {isa = PBXBuildFile; fileRef = 13900B0F2801DDB90045A6F2 /* Wardrobe.swift */; };
		13900B122801DE690045A6F2 /* AddWardrobeCell.swift in Sources */ = {isa = PBXBuildFile; fileRef = 13900B112801DE690045A6F2 /* AddWardrobeCell.swift */; };
		13900B162801DF1E0045A6F2 /* WardrobeService.swift in Sources */ = {isa = PBXBuildFile; fileRef = 13900B152801DF1E0045A6F2 /* WardrobeService.swift */; };
		2B58B8B32815B4EC006A4D99 /* SettingsTableViewCell.swift in Sources */ = {isa = PBXBuildFile; fileRef = 2B58B8B22815B4EC006A4D99 /* SettingsTableViewCell.swift */; };
		2B58B8B52815B547006A4D99 /* SettingsContainer.swift in Sources */ = {isa = PBXBuildFile; fileRef = 2B58B8B42815B547006A4D99 /* SettingsContainer.swift */; };
		2B58B8B72815B574006A4D99 /* SettingsInteractor.swift in Sources */ = {isa = PBXBuildFile; fileRef = 2B58B8B62815B574006A4D99 /* SettingsInteractor.swift */; };
		2B58B8B92815B5C8006A4D99 /* SettingsPresenter.swift in Sources */ = {isa = PBXBuildFile; fileRef = 2B58B8B82815B5C8006A4D99 /* SettingsPresenter.swift */; };
		2B58B8BB2815B614006A4D99 /* SettingsProtocols.swift in Sources */ = {isa = PBXBuildFile; fileRef = 2B58B8BA2815B614006A4D99 /* SettingsProtocols.swift */; };
		2B58B8BD2815B64A006A4D99 /* SettingsRouter.swift in Sources */ = {isa = PBXBuildFile; fileRef = 2B58B8BC2815B64A006A4D99 /* SettingsRouter.swift */; };
		2B58B8BF2815B6A1006A4D99 /* SettingsViewController.swift in Sources */ = {isa = PBXBuildFile; fileRef = 2B58B8BE2815B6A1006A4D99 /* SettingsViewController.swift */; };
		2B58B8C12815B9CB006A4D99 /* SettingsService.swift in Sources */ = {isa = PBXBuildFile; fileRef = 2B58B8C02815B9CB006A4D99 /* SettingsService.swift */; };
		2B58B8C32815BDC2006A4D99 /* ResponseEditString.swift in Sources */ = {isa = PBXBuildFile; fileRef = 2B58B8C22815BDC2006A4D99 /* ResponseEditString.swift */; };
		2B8CF0F327EFAFFB00765112 /* AppDelegate.swift in Sources */ = {isa = PBXBuildFile; fileRef = 2B8CF0F227EFAFFB00765112 /* AppDelegate.swift */; };
		2B8CF0F527EFAFFB00765112 /* SceneDelegate.swift in Sources */ = {isa = PBXBuildFile; fileRef = 2B8CF0F427EFAFFB00765112 /* SceneDelegate.swift */; };
		2B8CF0FC27EFAFFE00765112 /* Assets.xcassets in Resources */ = {isa = PBXBuildFile; fileRef = 2B8CF0FB27EFAFFE00765112 /* Assets.xcassets */; };
		2B8CF10727EFB37700765112 /* Splashscreen.xib in Resources */ = {isa = PBXBuildFile; fileRef = 2B8CF10627EFB37700765112 /* Splashscreen.xib */; };
		2BA04DF427F8CFA400499828 /* LoginContainer.swift in Sources */ = {isa = PBXBuildFile; fileRef = 2BA04DF327F8CFA400499828 /* LoginContainer.swift */; };
		2BA04DF627F8CFCF00499828 /* LoginViewController.swift in Sources */ = {isa = PBXBuildFile; fileRef = 2BA04DF527F8CFCF00499828 /* LoginViewController.swift */; };
		2BA04DF827F8D02B00499828 /* LoginInteractor.swift in Sources */ = {isa = PBXBuildFile; fileRef = 2BA04DF727F8D02B00499828 /* LoginInteractor.swift */; };
		2BA04DFA27F8D07C00499828 /* LoginProtocols.swift in Sources */ = {isa = PBXBuildFile; fileRef = 2BA04DF927F8D07C00499828 /* LoginProtocols.swift */; };
		2BA04DFC27F8D0A000499828 /* LoginRouter.swift in Sources */ = {isa = PBXBuildFile; fileRef = 2BA04DFB27F8D0A000499828 /* LoginRouter.swift */; };
		2BA04DFE27F8D0DE00499828 /* LoginModels.swift in Sources */ = {isa = PBXBuildFile; fileRef = 2BA04DFD27F8D0DE00499828 /* LoginModels.swift */; };
		2BA04E0027F8D14300499828 /* LoginPresenter.swift in Sources */ = {isa = PBXBuildFile; fileRef = 2BA04DFF27F8D14300499828 /* LoginPresenter.swift */; };
		2BA04E0A27F8D68A00499828 /* NetworkService.swift in Sources */ = {isa = PBXBuildFile; fileRef = 2BA04E0927F8D68A00499828 /* NetworkService.swift */; };
		2BA04E0D27F8D73900499828 /* Alamofire in Frameworks */ = {isa = PBXBuildFile; productRef = 2BA04E0C27F8D73900499828 /* Alamofire */; };
		2BA04E0F27F8D7FD00499828 /* NetworkProtocols.swift in Sources */ = {isa = PBXBuildFile; fileRef = 2BA04E0E27F8D7FD00499828 /* NetworkProtocols.swift */; };
		2BA04E1127F8D90000499828 /* AuthService.swift in Sources */ = {isa = PBXBuildFile; fileRef = 2BA04E1027F8D90000499828 /* AuthService.swift */; };
		2BA04E1427F8D9CE00499828 /* AuthRawModels.swift in Sources */ = {isa = PBXBuildFile; fileRef = 2BA04E1327F8D9CE00499828 /* AuthRawModels.swift */; };
		2BA04E1A27F8DA2600499828 /* Errors.swift in Sources */ = {isa = PBXBuildFile; fileRef = 2BA04E1927F8DA2600499828 /* Errors.swift */; };
		2BA04E1D27F9EFEE00499828 /* PinLayout in Frameworks */ = {isa = PBXBuildFile; productRef = 2BA04E1C27F9EFEE00499828 /* PinLayout */; };
		2BA04E2027F9F0A000499828 /* Colors.swift in Sources */ = {isa = PBXBuildFile; fileRef = 2BA04E1F27F9F0A000499828 /* Colors.swift */; };
		2BA04E2427F9F1E500499828 /* WardrobeExtensions.swift in Sources */ = {isa = PBXBuildFile; fileRef = 2BA04E2327F9F1E500499828 /* WardrobeExtensions.swift */; };
		2BA04E2E2800BE2C00499828 /* RegisterContainer.swift in Sources */ = {isa = PBXBuildFile; fileRef = 2BA04E2D2800BE2C00499828 /* RegisterContainer.swift */; };
		2BA04E302800BE6000499828 /* RegisterInteractor.swift in Sources */ = {isa = PBXBuildFile; fileRef = 2BA04E2F2800BE6000499828 /* RegisterInteractor.swift */; };
		2BA04E322800BEA500499828 /* RegisterModels.swift in Sources */ = {isa = PBXBuildFile; fileRef = 2BA04E312800BEA500499828 /* RegisterModels.swift */; };
		2BA04E342800BECE00499828 /* RegisterPresenter.swift in Sources */ = {isa = PBXBuildFile; fileRef = 2BA04E332800BECE00499828 /* RegisterPresenter.swift */; };
		2BA04E362800BEF000499828 /* RegisterProtocols.swift in Sources */ = {isa = PBXBuildFile; fileRef = 2BA04E352800BEF000499828 /* RegisterProtocols.swift */; };
		2BA04E382800BF3D00499828 /* RegisterRouter.swift in Sources */ = {isa = PBXBuildFile; fileRef = 2BA04E372800BF3D00499828 /* RegisterRouter.swift */; };
		2BA04E3A2800BF7A00499828 /* RegisterViewController.swift in Sources */ = {isa = PBXBuildFile; fileRef = 2BA04E392800BF7A00499828 /* RegisterViewController.swift */; };
		2BA04E3D2800C92C00499828 /* SplashScreenViewController.swift in Sources */ = {isa = PBXBuildFile; fileRef = 2BA04E3C2800C92C00499828 /* SplashScreenViewController.swift */; };
		2BA04E412800CA6300499828 /* MainTabBar.swift in Sources */ = {isa = PBXBuildFile; fileRef = 2BA04E402800CA6300499828 /* MainTabBar.swift */; };
		2BA04E432800CA8600499828 /* MainTabBarContainer.swift in Sources */ = {isa = PBXBuildFile; fileRef = 2BA04E422800CA8600499828 /* MainTabBarContainer.swift */; };
		2BA04E472800CBCF00499828 /* AllClothesContainer.swift in Sources */ = {isa = PBXBuildFile; fileRef = 2BA04E462800CBCF00499828 /* AllClothesContainer.swift */; };
		2BA04E4C2800CCB000499828 /* MainScreenContainer.swift in Sources */ = {isa = PBXBuildFile; fileRef = 2BA04E4B2800CCB000499828 /* MainScreenContainer.swift */; };
		2BA04E4F2801BE5700499828 /* DMSans-Bold.ttf in Resources */ = {isa = PBXBuildFile; fileRef = 2BA04E4E2801BE5700499828 /* DMSans-Bold.ttf */; };
		2BA04E512801BE6000499828 /* DMSans-Medium.ttf in Resources */ = {isa = PBXBuildFile; fileRef = 2BA04E502801BE6000499828 /* DMSans-Medium.ttf */; };
		2BA04E532801BE6700499828 /* DMSans-Regular.ttf in Resources */ = {isa = PBXBuildFile; fileRef = 2BA04E522801BE6700499828 /* DMSans-Regular.ttf */; };
		6B66AAD42801EF67000FFA99 /* Result.swift in Sources */ = {isa = PBXBuildFile; fileRef = 2BA04E1727F8DA0100499828 /* Result.swift */; };
		6B66AAD82803BD6E000FFA99 /* NewItemScreenProtocols.swift in Sources */ = {isa = PBXBuildFile; fileRef = 6B66AAD72803BD6E000FFA99 /* NewItemScreenProtocols.swift */; };
		6B66AADB2803BD81000FFA99 /* NewItemScreenViewController.swift in Sources */ = {isa = PBXBuildFile; fileRef = 6B66AADA2803BD81000FFA99 /* NewItemScreenViewController.swift */; };
		6B66AADE2803C00B000FFA99 /* NewItemScreenPresenter.swift in Sources */ = {isa = PBXBuildFile; fileRef = 6B66AADD2803C00A000FFA99 /* NewItemScreenPresenter.swift */; };
		6B66AAE12803C176000FFA99 /* NewItemScreenRouter.swift in Sources */ = {isa = PBXBuildFile; fileRef = 6B66AAE02803C176000FFA99 /* NewItemScreenRouter.swift */; };
		6B66AAE42803C22D000FFA99 /* NewItemScreenInteractor.swift in Sources */ = {isa = PBXBuildFile; fileRef = 6B66AAE32803C22D000FFA99 /* NewItemScreenInteractor.swift */; };
		6B66AAE62803C249000FFA99 /* UploadService.swift in Sources */ = {isa = PBXBuildFile; fileRef = 6B66AAE52803C249000FFA99 /* UploadService.swift */; };
		6B66AAE92803C393000FFA99 /* NewItemScreenContainer.swift in Sources */ = {isa = PBXBuildFile; fileRef = 6B66AAE82803C393000FFA99 /* NewItemScreenContainer.swift */; };
		6BC282B12815E58C00B73F97 /* AllItemsProtocols.swift in Sources */ = {isa = PBXBuildFile; fileRef = 6BC282B02815E58C00B73F97 /* AllItemsProtocols.swift */; };
		6BC282C22815E5B100B73F97 /* AllItemsViewController.swift in Sources */ = {isa = PBXBuildFile; fileRef = 6BC282B32815E5B100B73F97 /* AllItemsViewController.swift */; };
		6BC282C32815E5B100B73F97 /* AllItemsTableViewCellViewModel.swift in Sources */ = {isa = PBXBuildFile; fileRef = 6BC282B62815E5B100B73F97 /* AllItemsTableViewCellViewModel.swift */; };
		6BC282C42815E5B100B73F97 /* AllItemsCollectionViewCellViewModel.swift in Sources */ = {isa = PBXBuildFile; fileRef = 6BC282B92815E5B100B73F97 /* AllItemsCollectionViewCellViewModel.swift */; };
		6BC282C52815E5B100B73F97 /* AllItemsCollectionViewCellPresenter.swift in Sources */ = {isa = PBXBuildFile; fileRef = 6BC282BB2815E5B100B73F97 /* AllItemsCollectionViewCellPresenter.swift */; };
		6BC282C62815E5B100B73F97 /* AllItemsCollectionViewCell.swift in Sources */ = {isa = PBXBuildFile; fileRef = 6BC282BD2815E5B100B73F97 /* AllItemsCollectionViewCell.swift */; };
		6BC282C72815E5B100B73F97 /* AllItemsTableViewCellPresenter.swift in Sources */ = {isa = PBXBuildFile; fileRef = 6BC282BF2815E5B100B73F97 /* AllItemsTableViewCellPresenter.swift */; };
		6BC282C82815E5B100B73F97 /* AllItemsTableViewCell.swift in Sources */ = {isa = PBXBuildFile; fileRef = 6BC282C12815E5B100B73F97 /* AllItemsTableViewCell.swift */; };
		6BC282CA2815E5DB00B73F97 /* AllItems.swift in Sources */ = {isa = PBXBuildFile; fileRef = 6BC282C92815E5DB00B73F97 /* AllItems.swift */; };
		6BC282CD2815E5F600B73F97 /* AllItemsModel.swift in Sources */ = {isa = PBXBuildFile; fileRef = 6BC282CC2815E5F600B73F97 /* AllItemsModel.swift */; };
		6BC282D02815E63300B73F97 /* AllItemsPresenter.swift in Sources */ = {isa = PBXBuildFile; fileRef = 6BC282CF2815E63300B73F97 /* AllItemsPresenter.swift */; };
		6BC282D52815E69D00B73F97 /* ItemsService.swift in Sources */ = {isa = PBXBuildFile; fileRef = 6BC282D42815E69D00B73F97 /* ItemsService.swift */; };
		6BC282D82815E74B00B73F97 /* AllItemsInteractor.swift in Sources */ = {isa = PBXBuildFile; fileRef = 6BC282D72815E74B00B73F97 /* AllItemsInteractor.swift */; };
		6BC282DB2815E77500B73F97 /* AllItemsRouter.swift in Sources */ = {isa = PBXBuildFile; fileRef = 6BC282DA2815E77500B73F97 /* AllItemsRouter.swift */; };
		6BC282DE2815E77D00B73F97 /* AllItemsContainer.swift in Sources */ = {isa = PBXBuildFile; fileRef = 6BC282DD2815E77D00B73F97 /* AllItemsContainer.swift */; };
		6BC526F22800C8710019BE5D /* Kingfisher in Frameworks */ = {isa = PBXBuildFile; productRef = 6BC526F12800C8710019BE5D /* Kingfisher */; };
		6BC52730280104F00019BE5D /* WardrobeCell.swift in Sources */ = {isa = PBXBuildFile; fileRef = 6BC5272E280104F00019BE5D /* WardrobeCell.swift */; };
		6BC52734280105050019BE5D /* GlobalConstants.swift in Sources */ = {isa = PBXBuildFile; fileRef = 6BC52733280105050019BE5D /* GlobalConstants.swift */; };
		6BC52754280110140019BE5D /* LookPresenter.swift in Sources */ = {isa = PBXBuildFile; fileRef = 6BC52737280110140019BE5D /* LookPresenter.swift */; };
		6BC52755280110140019BE5D /* LookModels.swift in Sources */ = {isa = PBXBuildFile; fileRef = 6BC52739280110140019BE5D /* LookModels.swift */; };
		6BC52756280110140019BE5D /* LookContainer.swift in Sources */ = {isa = PBXBuildFile; fileRef = 6BC5273B280110140019BE5D /* LookContainer.swift */; };
		6BC52757280110140019BE5D /* LookViewController.swift in Sources */ = {isa = PBXBuildFile; fileRef = 6BC5273D280110140019BE5D /* LookViewController.swift */; };
		6BC52758280110140019BE5D /* LookTableViewCellViewModel.swift in Sources */ = {isa = PBXBuildFile; fileRef = 6BC52740280110140019BE5D /* LookTableViewCellViewModel.swift */; };
		6BC52759280110140019BE5D /* ItemCollectionViewCellViewModel.swift in Sources */ = {isa = PBXBuildFile; fileRef = 6BC52743280110140019BE5D /* ItemCollectionViewCellViewModel.swift */; };
		6BC5275A280110140019BE5D /* ItemCollectionVIewCellPresenter.swift in Sources */ = {isa = PBXBuildFile; fileRef = 6BC52745280110140019BE5D /* ItemCollectionVIewCellPresenter.swift */; };
		6BC5275B280110140019BE5D /* ItemCollectionViewCell.swift in Sources */ = {isa = PBXBuildFile; fileRef = 6BC52747280110140019BE5D /* ItemCollectionViewCell.swift */; };
		6BC5275C280110140019BE5D /* LookTableViewCellPresenter.swift in Sources */ = {isa = PBXBuildFile; fileRef = 6BC52749280110140019BE5D /* LookTableViewCellPresenter.swift */; };
		6BC5275D280110140019BE5D /* LookTableViewCell.swift in Sources */ = {isa = PBXBuildFile; fileRef = 6BC5274B280110140019BE5D /* LookTableViewCell.swift */; };
		6BC5275E280110140019BE5D /* LookSettingsMenuView.swift in Sources */ = {isa = PBXBuildFile; fileRef = 6BC5274D280110140019BE5D /* LookSettingsMenuView.swift */; };
		6BC5275F280110140019BE5D /* LookProtocols.swift in Sources */ = {isa = PBXBuildFile; fileRef = 6BC5274F280110140019BE5D /* LookProtocols.swift */; };
		6BC52760280110140019BE5D /* LookInteractor.swift in Sources */ = {isa = PBXBuildFile; fileRef = 6BC52751280110140019BE5D /* LookInteractor.swift */; };
		6BC52761280110140019BE5D /* LookRouter.swift in Sources */ = {isa = PBXBuildFile; fileRef = 6BC52753280110140019BE5D /* LookRouter.swift */; };
		6BC52765280110660019BE5D /* Look.swift in Sources */ = {isa = PBXBuildFile; fileRef = 6BC52764280110660019BE5D /* Look.swift */; };
		6BC52767280110870019BE5D /* Item.swift in Sources */ = {isa = PBXBuildFile; fileRef = 6BC52766280110870019BE5D /* Item.swift */; };
		6BC52769280111280019BE5D /* LookService.swift in Sources */ = {isa = PBXBuildFile; fileRef = 6BC52768280111280019BE5D /* LookService.swift */; };
		6BC5276E280112BB0019BE5D /* DropDownView.swift in Sources */ = {isa = PBXBuildFile; fileRef = 6BC5276C280112BB0019BE5D /* DropDownView.swift */; };
		6BC5276F280112BB0019BE5D /* DropTableCell.swift in Sources */ = {isa = PBXBuildFile; fileRef = 6BC5276D280112BB0019BE5D /* DropTableCell.swift */; };
/* End PBXBuildFile section */

/* Begin PBXFileReference section */
		13900AF92801DBD30045A6F2 /* MainScreenContainer.swift */ = {isa = PBXFileReference; fileEncoding = 4; lastKnownFileType = sourcecode.swift; path = MainScreenContainer.swift; sourceTree = "<group>"; };
		13900AFC2801DBD90045A6F2 /* MainScreenInteractor.swift */ = {isa = PBXFileReference; fileEncoding = 4; lastKnownFileType = sourcecode.swift; path = MainScreenInteractor.swift; sourceTree = "<group>"; };
		13900AFE2801DBD90045A6F2 /* WardrobeData.swift */ = {isa = PBXFileReference; fileEncoding = 4; lastKnownFileType = sourcecode.swift; path = WardrobeData.swift; sourceTree = "<group>"; };
		13900B002801DBD90045A6F2 /* MainScreenPresenter.swift */ = {isa = PBXFileReference; fileEncoding = 4; lastKnownFileType = sourcecode.swift; path = MainScreenPresenter.swift; sourceTree = "<group>"; };
		13900B022801DBDA0045A6F2 /* MainScreenCell.swift */ = {isa = PBXFileReference; fileEncoding = 4; lastKnownFileType = sourcecode.swift; path = MainScreenCell.swift; sourceTree = "<group>"; };
		13900B032801DBDA0045A6F2 /* MainScreenViewController.swift */ = {isa = PBXFileReference; fileEncoding = 4; lastKnownFileType = sourcecode.swift; path = MainScreenViewController.swift; sourceTree = "<group>"; };
		13900B052801DBDA0045A6F2 /* MainScreenProtocols.swift */ = {isa = PBXFileReference; fileEncoding = 4; lastKnownFileType = sourcecode.swift; path = MainScreenProtocols.swift; sourceTree = "<group>"; };
		13900B072801DBDA0045A6F2 /* MainScreenRouter.swift */ = {isa = PBXFileReference; fileEncoding = 4; lastKnownFileType = sourcecode.swift; path = MainScreenRouter.swift; sourceTree = "<group>"; };
		13900B0F2801DDB90045A6F2 /* Wardrobe.swift */ = {isa = PBXFileReference; lastKnownFileType = sourcecode.swift; path = Wardrobe.swift; sourceTree = "<group>"; };
		13900B112801DE690045A6F2 /* AddWardrobeCell.swift */ = {isa = PBXFileReference; fileEncoding = 4; lastKnownFileType = sourcecode.swift; path = AddWardrobeCell.swift; sourceTree = "<group>"; };
		13900B152801DF1E0045A6F2 /* WardrobeService.swift */ = {isa = PBXFileReference; lastKnownFileType = sourcecode.swift; path = WardrobeService.swift; sourceTree = "<group>"; };
		2B58B8B22815B4EC006A4D99 /* SettingsTableViewCell.swift */ = {isa = PBXFileReference; lastKnownFileType = sourcecode.swift; path = SettingsTableViewCell.swift; sourceTree = "<group>"; };
		2B58B8B42815B547006A4D99 /* SettingsContainer.swift */ = {isa = PBXFileReference; lastKnownFileType = sourcecode.swift; path = SettingsContainer.swift; sourceTree = "<group>"; };
		2B58B8B62815B574006A4D99 /* SettingsInteractor.swift */ = {isa = PBXFileReference; lastKnownFileType = sourcecode.swift; path = SettingsInteractor.swift; sourceTree = "<group>"; };
		2B58B8B82815B5C8006A4D99 /* SettingsPresenter.swift */ = {isa = PBXFileReference; lastKnownFileType = sourcecode.swift; path = SettingsPresenter.swift; sourceTree = "<group>"; };
		2B58B8BA2815B614006A4D99 /* SettingsProtocols.swift */ = {isa = PBXFileReference; lastKnownFileType = sourcecode.swift; path = SettingsProtocols.swift; sourceTree = "<group>"; };
		2B58B8BC2815B64A006A4D99 /* SettingsRouter.swift */ = {isa = PBXFileReference; lastKnownFileType = sourcecode.swift; path = SettingsRouter.swift; sourceTree = "<group>"; };
		2B58B8BE2815B6A1006A4D99 /* SettingsViewController.swift */ = {isa = PBXFileReference; lastKnownFileType = sourcecode.swift; path = SettingsViewController.swift; sourceTree = "<group>"; };
		2B58B8C02815B9CB006A4D99 /* SettingsService.swift */ = {isa = PBXFileReference; lastKnownFileType = sourcecode.swift; path = SettingsService.swift; sourceTree = "<group>"; };
		2B58B8C22815BDC2006A4D99 /* ResponseEditString.swift */ = {isa = PBXFileReference; lastKnownFileType = sourcecode.swift; path = ResponseEditString.swift; sourceTree = "<group>"; };
		2B8CF0EF27EFAFFB00765112 /* Dressed.app */ = {isa = PBXFileReference; explicitFileType = wrapper.application; includeInIndex = 0; path = Dressed.app; sourceTree = BUILT_PRODUCTS_DIR; };
		2B8CF0F227EFAFFB00765112 /* AppDelegate.swift */ = {isa = PBXFileReference; lastKnownFileType = sourcecode.swift; path = AppDelegate.swift; sourceTree = "<group>"; };
		2B8CF0F427EFAFFB00765112 /* SceneDelegate.swift */ = {isa = PBXFileReference; lastKnownFileType = sourcecode.swift; path = SceneDelegate.swift; sourceTree = "<group>"; };
		2B8CF0FB27EFAFFE00765112 /* Assets.xcassets */ = {isa = PBXFileReference; lastKnownFileType = folder.assetcatalog; path = Assets.xcassets; sourceTree = "<group>"; };
		2B8CF10027EFAFFE00765112 /* Info.plist */ = {isa = PBXFileReference; lastKnownFileType = text.plist.xml; path = Info.plist; sourceTree = "<group>"; };
		2B8CF10627EFB37700765112 /* Splashscreen.xib */ = {isa = PBXFileReference; lastKnownFileType = file.xib; path = Splashscreen.xib; sourceTree = "<group>"; };
		2BA04DF327F8CFA400499828 /* LoginContainer.swift */ = {isa = PBXFileReference; lastKnownFileType = sourcecode.swift; path = LoginContainer.swift; sourceTree = "<group>"; };
		2BA04DF527F8CFCF00499828 /* LoginViewController.swift */ = {isa = PBXFileReference; lastKnownFileType = sourcecode.swift; path = LoginViewController.swift; sourceTree = "<group>"; };
		2BA04DF727F8D02B00499828 /* LoginInteractor.swift */ = {isa = PBXFileReference; lastKnownFileType = sourcecode.swift; path = LoginInteractor.swift; sourceTree = "<group>"; };
		2BA04DF927F8D07C00499828 /* LoginProtocols.swift */ = {isa = PBXFileReference; lastKnownFileType = sourcecode.swift; path = LoginProtocols.swift; sourceTree = "<group>"; };
		2BA04DFB27F8D0A000499828 /* LoginRouter.swift */ = {isa = PBXFileReference; lastKnownFileType = sourcecode.swift; path = LoginRouter.swift; sourceTree = "<group>"; };
		2BA04DFD27F8D0DE00499828 /* LoginModels.swift */ = {isa = PBXFileReference; lastKnownFileType = sourcecode.swift; path = LoginModels.swift; sourceTree = "<group>"; };
		2BA04DFF27F8D14300499828 /* LoginPresenter.swift */ = {isa = PBXFileReference; lastKnownFileType = sourcecode.swift; path = LoginPresenter.swift; sourceTree = "<group>"; };
		2BA04E0927F8D68A00499828 /* NetworkService.swift */ = {isa = PBXFileReference; lastKnownFileType = sourcecode.swift; path = NetworkService.swift; sourceTree = "<group>"; };
		2BA04E0E27F8D7FD00499828 /* NetworkProtocols.swift */ = {isa = PBXFileReference; lastKnownFileType = sourcecode.swift; path = NetworkProtocols.swift; sourceTree = "<group>"; };
		2BA04E1027F8D90000499828 /* AuthService.swift */ = {isa = PBXFileReference; lastKnownFileType = sourcecode.swift; path = AuthService.swift; sourceTree = "<group>"; };
		2BA04E1327F8D9CE00499828 /* AuthRawModels.swift */ = {isa = PBXFileReference; lastKnownFileType = sourcecode.swift; path = AuthRawModels.swift; sourceTree = "<group>"; };
		2BA04E1727F8DA0100499828 /* Result.swift */ = {isa = PBXFileReference; lastKnownFileType = sourcecode.swift; path = Result.swift; sourceTree = "<group>"; };
		2BA04E1927F8DA2600499828 /* Errors.swift */ = {isa = PBXFileReference; lastKnownFileType = sourcecode.swift; path = Errors.swift; sourceTree = "<group>"; };
		2BA04E1F27F9F0A000499828 /* Colors.swift */ = {isa = PBXFileReference; lastKnownFileType = sourcecode.swift; path = Colors.swift; sourceTree = "<group>"; };
		2BA04E2327F9F1E500499828 /* WardrobeExtensions.swift */ = {isa = PBXFileReference; lastKnownFileType = sourcecode.swift; path = WardrobeExtensions.swift; sourceTree = "<group>"; };
		2BA04E2D2800BE2C00499828 /* RegisterContainer.swift */ = {isa = PBXFileReference; lastKnownFileType = sourcecode.swift; path = RegisterContainer.swift; sourceTree = "<group>"; };
		2BA04E2F2800BE6000499828 /* RegisterInteractor.swift */ = {isa = PBXFileReference; lastKnownFileType = sourcecode.swift; path = RegisterInteractor.swift; sourceTree = "<group>"; };
		2BA04E312800BEA500499828 /* RegisterModels.swift */ = {isa = PBXFileReference; lastKnownFileType = sourcecode.swift; path = RegisterModels.swift; sourceTree = "<group>"; };
		2BA04E332800BECE00499828 /* RegisterPresenter.swift */ = {isa = PBXFileReference; lastKnownFileType = sourcecode.swift; path = RegisterPresenter.swift; sourceTree = "<group>"; };
		2BA04E352800BEF000499828 /* RegisterProtocols.swift */ = {isa = PBXFileReference; lastKnownFileType = sourcecode.swift; path = RegisterProtocols.swift; sourceTree = "<group>"; };
		2BA04E372800BF3D00499828 /* RegisterRouter.swift */ = {isa = PBXFileReference; lastKnownFileType = sourcecode.swift; path = RegisterRouter.swift; sourceTree = "<group>"; };
		2BA04E392800BF7A00499828 /* RegisterViewController.swift */ = {isa = PBXFileReference; lastKnownFileType = sourcecode.swift; path = RegisterViewController.swift; sourceTree = "<group>"; };
		2BA04E3C2800C92C00499828 /* SplashScreenViewController.swift */ = {isa = PBXFileReference; lastKnownFileType = sourcecode.swift; path = SplashScreenViewController.swift; sourceTree = "<group>"; };
		2BA04E402800CA6300499828 /* MainTabBar.swift */ = {isa = PBXFileReference; lastKnownFileType = sourcecode.swift; path = MainTabBar.swift; sourceTree = "<group>"; };
		2BA04E422800CA8600499828 /* MainTabBarContainer.swift */ = {isa = PBXFileReference; lastKnownFileType = sourcecode.swift; path = MainTabBarContainer.swift; sourceTree = "<group>"; };
		2BA04E462800CBCF00499828 /* AllClothesContainer.swift */ = {isa = PBXFileReference; lastKnownFileType = sourcecode.swift; path = AllClothesContainer.swift; sourceTree = "<group>"; };
		2BA04E4B2800CCB000499828 /* MainScreenContainer.swift */ = {isa = PBXFileReference; lastKnownFileType = sourcecode.swift; path = MainScreenContainer.swift; sourceTree = "<group>"; };
		2BA04E4E2801BE5700499828 /* DMSans-Bold.ttf */ = {isa = PBXFileReference; lastKnownFileType = file; path = "DMSans-Bold.ttf"; sourceTree = "<group>"; };
		2BA04E502801BE6000499828 /* DMSans-Medium.ttf */ = {isa = PBXFileReference; lastKnownFileType = file; path = "DMSans-Medium.ttf"; sourceTree = "<group>"; };
		2BA04E522801BE6700499828 /* DMSans-Regular.ttf */ = {isa = PBXFileReference; lastKnownFileType = file; path = "DMSans-Regular.ttf"; sourceTree = "<group>"; };
		6B66AAD72803BD6E000FFA99 /* NewItemScreenProtocols.swift */ = {isa = PBXFileReference; fileEncoding = 4; lastKnownFileType = sourcecode.swift; path = NewItemScreenProtocols.swift; sourceTree = "<group>"; };
		6B66AADA2803BD81000FFA99 /* NewItemScreenViewController.swift */ = {isa = PBXFileReference; fileEncoding = 4; lastKnownFileType = sourcecode.swift; path = NewItemScreenViewController.swift; sourceTree = "<group>"; };
		6B66AADD2803C00A000FFA99 /* NewItemScreenPresenter.swift */ = {isa = PBXFileReference; fileEncoding = 4; lastKnownFileType = sourcecode.swift; path = NewItemScreenPresenter.swift; sourceTree = "<group>"; };
		6B66AAE02803C176000FFA99 /* NewItemScreenRouter.swift */ = {isa = PBXFileReference; fileEncoding = 4; lastKnownFileType = sourcecode.swift; path = NewItemScreenRouter.swift; sourceTree = "<group>"; };
		6B66AAE32803C22D000FFA99 /* NewItemScreenInteractor.swift */ = {isa = PBXFileReference; fileEncoding = 4; lastKnownFileType = sourcecode.swift; path = NewItemScreenInteractor.swift; sourceTree = "<group>"; };
		6B66AAE52803C249000FFA99 /* UploadService.swift */ = {isa = PBXFileReference; lastKnownFileType = sourcecode.swift; path = UploadService.swift; sourceTree = "<group>"; };
		6B66AAE82803C393000FFA99 /* NewItemScreenContainer.swift */ = {isa = PBXFileReference; fileEncoding = 4; lastKnownFileType = sourcecode.swift; path = NewItemScreenContainer.swift; sourceTree = "<group>"; };
		6BC282B02815E58C00B73F97 /* AllItemsProtocols.swift */ = {isa = PBXFileReference; fileEncoding = 4; lastKnownFileType = sourcecode.swift; path = AllItemsProtocols.swift; sourceTree = "<group>"; };
		6BC282B32815E5B100B73F97 /* AllItemsViewController.swift */ = {isa = PBXFileReference; fileEncoding = 4; lastKnownFileType = sourcecode.swift; path = AllItemsViewController.swift; sourceTree = "<group>"; };
		6BC282B62815E5B100B73F97 /* AllItemsTableViewCellViewModel.swift */ = {isa = PBXFileReference; fileEncoding = 4; lastKnownFileType = sourcecode.swift; path = AllItemsTableViewCellViewModel.swift; sourceTree = "<group>"; };
		6BC282B92815E5B100B73F97 /* AllItemsCollectionViewCellViewModel.swift */ = {isa = PBXFileReference; fileEncoding = 4; lastKnownFileType = sourcecode.swift; path = AllItemsCollectionViewCellViewModel.swift; sourceTree = "<group>"; };
		6BC282BB2815E5B100B73F97 /* AllItemsCollectionViewCellPresenter.swift */ = {isa = PBXFileReference; fileEncoding = 4; lastKnownFileType = sourcecode.swift; path = AllItemsCollectionViewCellPresenter.swift; sourceTree = "<group>"; };
		6BC282BD2815E5B100B73F97 /* AllItemsCollectionViewCell.swift */ = {isa = PBXFileReference; fileEncoding = 4; lastKnownFileType = sourcecode.swift; path = AllItemsCollectionViewCell.swift; sourceTree = "<group>"; };
		6BC282BF2815E5B100B73F97 /* AllItemsTableViewCellPresenter.swift */ = {isa = PBXFileReference; fileEncoding = 4; lastKnownFileType = sourcecode.swift; path = AllItemsTableViewCellPresenter.swift; sourceTree = "<group>"; };
		6BC282C12815E5B100B73F97 /* AllItemsTableViewCell.swift */ = {isa = PBXFileReference; fileEncoding = 4; lastKnownFileType = sourcecode.swift; path = AllItemsTableViewCell.swift; sourceTree = "<group>"; };
		6BC282C92815E5DB00B73F97 /* AllItems.swift */ = {isa = PBXFileReference; fileEncoding = 4; lastKnownFileType = sourcecode.swift; path = AllItems.swift; sourceTree = "<group>"; };
		6BC282CC2815E5F600B73F97 /* AllItemsModel.swift */ = {isa = PBXFileReference; fileEncoding = 4; lastKnownFileType = sourcecode.swift; path = AllItemsModel.swift; sourceTree = "<group>"; };
		6BC282CF2815E63300B73F97 /* AllItemsPresenter.swift */ = {isa = PBXFileReference; fileEncoding = 4; lastKnownFileType = sourcecode.swift; path = AllItemsPresenter.swift; sourceTree = "<group>"; };
		6BC282D42815E69D00B73F97 /* ItemsService.swift */ = {isa = PBXFileReference; fileEncoding = 4; lastKnownFileType = sourcecode.swift; path = ItemsService.swift; sourceTree = "<group>"; };
		6BC282D72815E74B00B73F97 /* AllItemsInteractor.swift */ = {isa = PBXFileReference; fileEncoding = 4; lastKnownFileType = sourcecode.swift; path = AllItemsInteractor.swift; sourceTree = "<group>"; };
		6BC282DA2815E77500B73F97 /* AllItemsRouter.swift */ = {isa = PBXFileReference; fileEncoding = 4; lastKnownFileType = sourcecode.swift; path = AllItemsRouter.swift; sourceTree = "<group>"; };
		6BC282DD2815E77D00B73F97 /* AllItemsContainer.swift */ = {isa = PBXFileReference; fileEncoding = 4; lastKnownFileType = sourcecode.swift; path = AllItemsContainer.swift; sourceTree = "<group>"; };
		6BC5272E280104F00019BE5D /* WardrobeCell.swift */ = {isa = PBXFileReference; fileEncoding = 4; lastKnownFileType = sourcecode.swift; path = WardrobeCell.swift; sourceTree = "<group>"; };
		6BC52733280105050019BE5D /* GlobalConstants.swift */ = {isa = PBXFileReference; fileEncoding = 4; lastKnownFileType = sourcecode.swift; path = GlobalConstants.swift; sourceTree = "<group>"; };
		6BC52737280110140019BE5D /* LookPresenter.swift */ = {isa = PBXFileReference; fileEncoding = 4; lastKnownFileType = sourcecode.swift; path = LookPresenter.swift; sourceTree = "<group>"; };
		6BC52739280110140019BE5D /* LookModels.swift */ = {isa = PBXFileReference; fileEncoding = 4; lastKnownFileType = sourcecode.swift; path = LookModels.swift; sourceTree = "<group>"; };
		6BC5273B280110140019BE5D /* LookContainer.swift */ = {isa = PBXFileReference; fileEncoding = 4; lastKnownFileType = sourcecode.swift; path = LookContainer.swift; sourceTree = "<group>"; };
		6BC5273D280110140019BE5D /* LookViewController.swift */ = {isa = PBXFileReference; fileEncoding = 4; lastKnownFileType = sourcecode.swift; path = LookViewController.swift; sourceTree = "<group>"; };
		6BC52740280110140019BE5D /* LookTableViewCellViewModel.swift */ = {isa = PBXFileReference; fileEncoding = 4; lastKnownFileType = sourcecode.swift; path = LookTableViewCellViewModel.swift; sourceTree = "<group>"; };
		6BC52743280110140019BE5D /* ItemCollectionViewCellViewModel.swift */ = {isa = PBXFileReference; fileEncoding = 4; lastKnownFileType = sourcecode.swift; path = ItemCollectionViewCellViewModel.swift; sourceTree = "<group>"; };
		6BC52745280110140019BE5D /* ItemCollectionVIewCellPresenter.swift */ = {isa = PBXFileReference; fileEncoding = 4; lastKnownFileType = sourcecode.swift; path = ItemCollectionVIewCellPresenter.swift; sourceTree = "<group>"; };
		6BC52747280110140019BE5D /* ItemCollectionViewCell.swift */ = {isa = PBXFileReference; fileEncoding = 4; lastKnownFileType = sourcecode.swift; path = ItemCollectionViewCell.swift; sourceTree = "<group>"; };
		6BC52749280110140019BE5D /* LookTableViewCellPresenter.swift */ = {isa = PBXFileReference; fileEncoding = 4; lastKnownFileType = sourcecode.swift; path = LookTableViewCellPresenter.swift; sourceTree = "<group>"; };
		6BC5274B280110140019BE5D /* LookTableViewCell.swift */ = {isa = PBXFileReference; fileEncoding = 4; lastKnownFileType = sourcecode.swift; path = LookTableViewCell.swift; sourceTree = "<group>"; };
		6BC5274D280110140019BE5D /* LookSettingsMenuView.swift */ = {isa = PBXFileReference; fileEncoding = 4; lastKnownFileType = sourcecode.swift; path = LookSettingsMenuView.swift; sourceTree = "<group>"; };
		6BC5274F280110140019BE5D /* LookProtocols.swift */ = {isa = PBXFileReference; fileEncoding = 4; lastKnownFileType = sourcecode.swift; path = LookProtocols.swift; sourceTree = "<group>"; };
		6BC52751280110140019BE5D /* LookInteractor.swift */ = {isa = PBXFileReference; fileEncoding = 4; lastKnownFileType = sourcecode.swift; path = LookInteractor.swift; sourceTree = "<group>"; };
		6BC52753280110140019BE5D /* LookRouter.swift */ = {isa = PBXFileReference; fileEncoding = 4; lastKnownFileType = sourcecode.swift; path = LookRouter.swift; sourceTree = "<group>"; };
		6BC52764280110660019BE5D /* Look.swift */ = {isa = PBXFileReference; lastKnownFileType = sourcecode.swift; path = Look.swift; sourceTree = "<group>"; };
		6BC52766280110870019BE5D /* Item.swift */ = {isa = PBXFileReference; lastKnownFileType = sourcecode.swift; path = Item.swift; sourceTree = "<group>"; };
		6BC52768280111280019BE5D /* LookService.swift */ = {isa = PBXFileReference; lastKnownFileType = sourcecode.swift; path = LookService.swift; sourceTree = "<group>"; };
		6BC5276C280112BB0019BE5D /* DropDownView.swift */ = {isa = PBXFileReference; fileEncoding = 4; lastKnownFileType = sourcecode.swift; path = DropDownView.swift; sourceTree = "<group>"; };
		6BC5276D280112BB0019BE5D /* DropTableCell.swift */ = {isa = PBXFileReference; fileEncoding = 4; lastKnownFileType = sourcecode.swift; path = DropTableCell.swift; sourceTree = "<group>"; };
/* End PBXFileReference section */

/* Begin PBXFrameworksBuildPhase section */
		2B8CF0EC27EFAFFB00765112 /* Frameworks */ = {
			isa = PBXFrameworksBuildPhase;
			buildActionMask = 2147483647;
			files = (
				6BC526F22800C8710019BE5D /* Kingfisher in Frameworks */,
				2BA04E1D27F9EFEE00499828 /* PinLayout in Frameworks */,
				2BA04E0D27F8D73900499828 /* Alamofire in Frameworks */,
			);
			runOnlyForDeploymentPostprocessing = 0;
		};
/* End PBXFrameworksBuildPhase section */

/* Begin PBXGroup section */
		13900AF72801DBB40045A6F2 /* Wardrobe */ = {
			isa = PBXGroup;
			children = (
				13900AFB2801DBD90045A6F2 /* Interactor */,
				13900AFD2801DBD90045A6F2 /* Model */,
				13900AFF2801DBD90045A6F2 /* Presenter */,
				13900B042801DBDA0045A6F2 /* Protocols */,
				13900B062801DBDA0045A6F2 /* Router */,
				13900B012801DBDA0045A6F2 /* View */,
				13900AF82801DBD30045A6F2 /* Container */,
			);
			path = Wardrobe;
			sourceTree = "<group>";
		};
		13900AF82801DBD30045A6F2 /* Container */ = {
			isa = PBXGroup;
			children = (
				13900AF92801DBD30045A6F2 /* MainScreenContainer.swift */,
			);
			path = Container;
			sourceTree = "<group>";
		};
		13900AFB2801DBD90045A6F2 /* Interactor */ = {
			isa = PBXGroup;
			children = (
				13900AFC2801DBD90045A6F2 /* MainScreenInteractor.swift */,
			);
			path = Interactor;
			sourceTree = "<group>";
		};
		13900AFD2801DBD90045A6F2 /* Model */ = {
			isa = PBXGroup;
			children = (
				13900AFE2801DBD90045A6F2 /* WardrobeData.swift */,
			);
			path = Model;
			sourceTree = "<group>";
		};
		13900AFF2801DBD90045A6F2 /* Presenter */ = {
			isa = PBXGroup;
			children = (
				13900B002801DBD90045A6F2 /* MainScreenPresenter.swift */,
			);
			path = Presenter;
			sourceTree = "<group>";
		};
		13900B012801DBDA0045A6F2 /* View */ = {
			isa = PBXGroup;
			children = (
				13900B112801DE690045A6F2 /* AddWardrobeCell.swift */,
				13900B022801DBDA0045A6F2 /* MainScreenCell.swift */,
				13900B032801DBDA0045A6F2 /* MainScreenViewController.swift */,
			);
			path = View;
			sourceTree = "<group>";
		};
		13900B042801DBDA0045A6F2 /* Protocols */ = {
			isa = PBXGroup;
			children = (
				13900B052801DBDA0045A6F2 /* MainScreenProtocols.swift */,
			);
			path = Protocols;
			sourceTree = "<group>";
		};
		13900B062801DBDA0045A6F2 /* Router */ = {
			isa = PBXGroup;
			children = (
				13900B072801DBDA0045A6F2 /* MainScreenRouter.swift */,
			);
			path = Router;
			sourceTree = "<group>";
		};
		2B58B8B02815B4BB006A4D99 /* Settings */ = {
			isa = PBXGroup;
			children = (
				2B58B8B12815B4D1006A4D99 /* SettingsCell */,
				2B58B8B42815B547006A4D99 /* SettingsContainer.swift */,
				2B58B8B62815B574006A4D99 /* SettingsInteractor.swift */,
				2B58B8B82815B5C8006A4D99 /* SettingsPresenter.swift */,
				2B58B8BA2815B614006A4D99 /* SettingsProtocols.swift */,
				2B58B8BC2815B64A006A4D99 /* SettingsRouter.swift */,
				2B58B8BE2815B6A1006A4D99 /* SettingsViewController.swift */,
			);
			path = Settings;
			sourceTree = "<group>";
		};
		2B58B8B12815B4D1006A4D99 /* SettingsCell */ = {
			isa = PBXGroup;
			children = (
				2B58B8B22815B4EC006A4D99 /* SettingsTableViewCell.swift */,
			);
			path = SettingsCell;
			sourceTree = "<group>";
		};
		2B8CF0E627EFAFFB00765112 = {
			isa = PBXGroup;
			children = (
				2B8CF0F127EFAFFB00765112 /* Dressed */,
				2B8CF0F027EFAFFB00765112 /* Products */,
			);
			sourceTree = "<group>";
		};
		2B8CF0F027EFAFFB00765112 /* Products */ = {
			isa = PBXGroup;
			children = (
				2B8CF0EF27EFAFFB00765112 /* Dressed.app */,
			);
			name = Products;
			sourceTree = "<group>";
		};
		2B8CF0F127EFAFFB00765112 /* Dressed */ = {
			isa = PBXGroup;
			children = (
				6BC282AE2815E57E00B73F97 /* AllItems */,
				2B58B8B02815B4BB006A4D99 /* Settings */,
				6B66AAD52803BD56000FFA99 /* NewItem */,
				2BA04E482800CC8E00499828 /* Wardrobe */,
				2BA04E442800CBAF00499828 /* AllClothes */,
				2BA04E3E2800CA4600499828 /* TabBar */,
				2BA04E3B2800C70600499828 /* Application */,
				6BC52735280110140019BE5D /* Look */,
				13900AF72801DBB40045A6F2 /* Wardrobe */,
				2BA04E252800BDB900499828 /* Register */,
				2BA04E1E27F9F09000499828 /* Shared */,
				2BA04DEB27F8CF2500499828 /* Login */,
				2BA04E0427F8D61300499828 /* Services */,
				2B8CF0FB27EFAFFE00765112 /* Assets.xcassets */,
				2B8CF10027EFAFFE00765112 /* Info.plist */,
				2B8CF10627EFB37700765112 /* Splashscreen.xib */,
			);
			path = Dressed;
			sourceTree = "<group>";
		};
		2BA04DEB27F8CF2500499828 /* Login */ = {
			isa = PBXGroup;
			children = (
				2BA04DF227F8CF8E00499828 /* Models */,
				2BA04DF127F8CF7400499828 /* View */,
				2BA04DF027F8CF6500499828 /* Router */,
				2BA04DEF27F8CF5E00499828 /* Protocols */,
				2BA04DEE27F8CF5000499828 /* Presenter */,
				2BA04DED27F8CF4300499828 /* Interactor */,
				2BA04DEC27F8CF3200499828 /* Container */,
			);
			path = Login;
			sourceTree = "<group>";
		};
		2BA04DEC27F8CF3200499828 /* Container */ = {
			isa = PBXGroup;
			children = (
				2BA04DF327F8CFA400499828 /* LoginContainer.swift */,
			);
			path = Container;
			sourceTree = "<group>";
		};
		2BA04DED27F8CF4300499828 /* Interactor */ = {
			isa = PBXGroup;
			children = (
				2BA04DF727F8D02B00499828 /* LoginInteractor.swift */,
			);
			path = Interactor;
			sourceTree = "<group>";
		};
		2BA04DEE27F8CF5000499828 /* Presenter */ = {
			isa = PBXGroup;
			children = (
				2BA04DFF27F8D14300499828 /* LoginPresenter.swift */,
			);
			path = Presenter;
			sourceTree = "<group>";
		};
		2BA04DEF27F8CF5E00499828 /* Protocols */ = {
			isa = PBXGroup;
			children = (
				2BA04DF927F8D07C00499828 /* LoginProtocols.swift */,
			);
			path = Protocols;
			sourceTree = "<group>";
		};
		2BA04DF027F8CF6500499828 /* Router */ = {
			isa = PBXGroup;
			children = (
				2BA04DFB27F8D0A000499828 /* LoginRouter.swift */,
			);
			path = Router;
			sourceTree = "<group>";
		};
		2BA04DF127F8CF7400499828 /* View */ = {
			isa = PBXGroup;
			children = (
				2BA04DF527F8CFCF00499828 /* LoginViewController.swift */,
			);
			path = View;
			sourceTree = "<group>";
		};
		2BA04DF227F8CF8E00499828 /* Models */ = {
			isa = PBXGroup;
			children = (
				2BA04DFD27F8D0DE00499828 /* LoginModels.swift */,
			);
			path = Models;
			sourceTree = "<group>";
		};
		2BA04E0427F8D61300499828 /* Services */ = {
			isa = PBXGroup;
			children = (
				2BA04E0527F8D62B00499828 /* Network */,
			);
			path = Services;
			sourceTree = "<group>";
		};
		2BA04E0527F8D62B00499828 /* Network */ = {
			isa = PBXGroup;
			children = (
				6BC527622801103A0019BE5D /* Data */,
				2BA04E0827F8D64900499828 /* Common */,
				2BA04E0727F8D63700499828 /* Auth */,
				2BA04E0627F8D63100499828 /* Protocols */,
			);
			path = Network;
			sourceTree = "<group>";
		};
		2BA04E0627F8D63100499828 /* Protocols */ = {
			isa = PBXGroup;
			children = (
				2BA04E0E27F8D7FD00499828 /* NetworkProtocols.swift */,
			);
			path = Protocols;
			sourceTree = "<group>";
		};
		2BA04E0727F8D63700499828 /* Auth */ = {
			isa = PBXGroup;
			children = (
				2BA04E1227F8D9A500499828 /* RawModels */,
				2BA04E1027F8D90000499828 /* AuthService.swift */,
			);
			path = Auth;
			sourceTree = "<group>";
		};
		2BA04E0827F8D64900499828 /* Common */ = {
			isa = PBXGroup;
			children = (
				2BA04E1627F8D9F100499828 /* Result */,
				2BA04E1527F8D9EC00499828 /* Errors */,
				2BA04E0927F8D68A00499828 /* NetworkService.swift */,
			);
			path = Common;
			sourceTree = "<group>";
		};
		2BA04E1227F8D9A500499828 /* RawModels */ = {
			isa = PBXGroup;
			children = (
				2BA04E1327F8D9CE00499828 /* AuthRawModels.swift */,
			);
			path = RawModels;
			sourceTree = "<group>";
		};
		2BA04E1527F8D9EC00499828 /* Errors */ = {
			isa = PBXGroup;
			children = (
				2BA04E1927F8DA2600499828 /* Errors.swift */,
			);
			path = Errors;
			sourceTree = "<group>";
		};
		2BA04E1627F8D9F100499828 /* Result */ = {
			isa = PBXGroup;
			children = (
				2BA04E1727F8DA0100499828 /* Result.swift */,
			);
			path = Result;
			sourceTree = "<group>";
		};
		2BA04E1E27F9F09000499828 /* Shared */ = {
			isa = PBXGroup;
			children = (
				2BA04E4D2801BDF500499828 /* Fonts */,
				6BC5276A280112A60019BE5D /* Components */,
				6BC52732280105050019BE5D /* Constants */,
				2BA04E2227F9F1CE00499828 /* Extensions */,
				2BA04E2127F9F0A800499828 /* Colors */,
			);
			path = Shared;
			sourceTree = "<group>";
		};
		2BA04E2127F9F0A800499828 /* Colors */ = {
			isa = PBXGroup;
			children = (
				2BA04E1F27F9F0A000499828 /* Colors.swift */,
			);
			path = Colors;
			sourceTree = "<group>";
		};
		2BA04E2227F9F1CE00499828 /* Extensions */ = {
			isa = PBXGroup;
			children = (
				2BA04E2327F9F1E500499828 /* WardrobeExtensions.swift */,
			);
			path = Extensions;
			sourceTree = "<group>";
		};
		2BA04E252800BDB900499828 /* Register */ = {
			isa = PBXGroup;
			children = (
				2BA04E2C2800BE1900499828 /* Container */,
				2BA04E2B2800BE0500499828 /* Interactor */,
				2BA04E2A2800BDFF00499828 /* Models */,
				2BA04E292800BDF100499828 /* Presenter */,
				2BA04E282800BDE400499828 /* Protocols */,
				2BA04E272800BDDA00499828 /* Router */,
				2BA04E262800BDD100499828 /* View */,
			);
			path = Register;
			sourceTree = "<group>";
		};
		2BA04E262800BDD100499828 /* View */ = {
			isa = PBXGroup;
			children = (
				2BA04E392800BF7A00499828 /* RegisterViewController.swift */,
			);
			path = View;
			sourceTree = "<group>";
		};
		2BA04E272800BDDA00499828 /* Router */ = {
			isa = PBXGroup;
			children = (
				2BA04E372800BF3D00499828 /* RegisterRouter.swift */,
			);
			path = Router;
			sourceTree = "<group>";
		};
		2BA04E282800BDE400499828 /* Protocols */ = {
			isa = PBXGroup;
			children = (
				2BA04E352800BEF000499828 /* RegisterProtocols.swift */,
			);
			path = Protocols;
			sourceTree = "<group>";
		};
		2BA04E292800BDF100499828 /* Presenter */ = {
			isa = PBXGroup;
			children = (
				2BA04E332800BECE00499828 /* RegisterPresenter.swift */,
			);
			path = Presenter;
			sourceTree = "<group>";
		};
		2BA04E2A2800BDFF00499828 /* Models */ = {
			isa = PBXGroup;
			children = (
				2BA04E312800BEA500499828 /* RegisterModels.swift */,
			);
			path = Models;
			sourceTree = "<group>";
		};
		2BA04E2B2800BE0500499828 /* Interactor */ = {
			isa = PBXGroup;
			children = (
				2BA04E2F2800BE6000499828 /* RegisterInteractor.swift */,
			);
			path = Interactor;
			sourceTree = "<group>";
		};
		2BA04E2C2800BE1900499828 /* Container */ = {
			isa = PBXGroup;
			children = (
				2BA04E2D2800BE2C00499828 /* RegisterContainer.swift */,
			);
			path = Container;
			sourceTree = "<group>";
		};
		2BA04E3B2800C70600499828 /* Application */ = {
			isa = PBXGroup;
			children = (
				2B8CF0F427EFAFFB00765112 /* SceneDelegate.swift */,
				2B8CF0F227EFAFFB00765112 /* AppDelegate.swift */,
				2BA04E3C2800C92C00499828 /* SplashScreenViewController.swift */,
			);
			path = Application;
			sourceTree = "<group>";
		};
		2BA04E3E2800CA4600499828 /* TabBar */ = {
			isa = PBXGroup;
			children = (
				2BA04E3F2800CA5700499828 /* Container */,
				2BA04E402800CA6300499828 /* MainTabBar.swift */,
			);
			path = TabBar;
			sourceTree = "<group>";
		};
		2BA04E3F2800CA5700499828 /* Container */ = {
			isa = PBXGroup;
			children = (
				2BA04E422800CA8600499828 /* MainTabBarContainer.swift */,
			);
			path = Container;
			sourceTree = "<group>";
		};
		2BA04E442800CBAF00499828 /* AllClothes */ = {
			isa = PBXGroup;
			children = (
				2BA04E452800CBB800499828 /* Container */,
			);
			path = AllClothes;
			sourceTree = "<group>";
		};
		2BA04E452800CBB800499828 /* Container */ = {
			isa = PBXGroup;
			children = (
				2BA04E462800CBCF00499828 /* AllClothesContainer.swift */,
			);
			path = Container;
			sourceTree = "<group>";
		};
		2BA04E482800CC8E00499828 /* Wardrobe */ = {
			isa = PBXGroup;
			children = (
				2BA04E4A2800CCA000499828 /* Container */,
			);
			path = Wardrobe;
			sourceTree = "<group>";
		};
		2BA04E4A2800CCA000499828 /* Container */ = {
			isa = PBXGroup;
			children = (
				2BA04E4B2800CCB000499828 /* MainScreenContainer.swift */,
			);
			path = Container;
			sourceTree = "<group>";
		};
		2BA04E4D2801BDF500499828 /* Fonts */ = {
			isa = PBXGroup;
			children = (
				2BA04E522801BE6700499828 /* DMSans-Regular.ttf */,
				2BA04E502801BE6000499828 /* DMSans-Medium.ttf */,
				2BA04E4E2801BE5700499828 /* DMSans-Bold.ttf */,
			);
			path = Fonts;
			sourceTree = "<group>";
		};
		6B66AAD52803BD56000FFA99 /* NewItem */ = {
			isa = PBXGroup;
			children = (
				6B66AAD92803BD81000FFA99 /* View */,
				6B66AAE22803C22D000FFA99 /* Interactor */,
				6B66AADF2803C176000FFA99 /* Router */,
				6B66AADC2803C00A000FFA99 /* Presenter */,
				6B66AAE72803C393000FFA99 /* Container */,
				6B66AAD62803BD6E000FFA99 /* Protocols */,
			);
			path = NewItem;
			sourceTree = "<group>";
		};
		6B66AAD62803BD6E000FFA99 /* Protocols */ = {
			isa = PBXGroup;
			children = (
				6B66AAD72803BD6E000FFA99 /* NewItemScreenProtocols.swift */,
			);
			path = Protocols;
			sourceTree = "<group>";
		};
		6B66AAD92803BD81000FFA99 /* View */ = {
			isa = PBXGroup;
			children = (
				6B66AADA2803BD81000FFA99 /* NewItemScreenViewController.swift */,
			);
			path = View;
			sourceTree = "<group>";
		};
		6B66AADC2803C00A000FFA99 /* Presenter */ = {
			isa = PBXGroup;
			children = (
				6B66AADD2803C00A000FFA99 /* NewItemScreenPresenter.swift */,
			);
			path = Presenter;
			sourceTree = "<group>";
		};
		6B66AADF2803C176000FFA99 /* Router */ = {
			isa = PBXGroup;
			children = (
				6B66AAE02803C176000FFA99 /* NewItemScreenRouter.swift */,
			);
			path = Router;
			sourceTree = "<group>";
		};
		6B66AAE22803C22D000FFA99 /* Interactor */ = {
			isa = PBXGroup;
			children = (
				6B66AAE32803C22D000FFA99 /* NewItemScreenInteractor.swift */,
			);
			path = Interactor;
			sourceTree = "<group>";
		};
		6B66AAE72803C393000FFA99 /* Container */ = {
			isa = PBXGroup;
			children = (
				6B66AAE82803C393000FFA99 /* NewItemScreenContainer.swift */,
			);
			path = Container;
			sourceTree = "<group>";
		};
		6BC282AE2815E57E00B73F97 /* AllItems */ = {
			isa = PBXGroup;
			children = (
				6BC282DC2815E77D00B73F97 /* Container */,
				6BC282D92815E77500B73F97 /* Router */,
				6BC282D62815E74B00B73F97 /* Interactor */,
				6BC282CE2815E63300B73F97 /* Presenter */,
				6BC282CB2815E5F600B73F97 /* Models */,
				6BC282B22815E5B100B73F97 /* View */,
				6BC282AF2815E58C00B73F97 /* Protocols */,
			);
			path = AllItems;
			sourceTree = "<group>";
		};
		6BC282AF2815E58C00B73F97 /* Protocols */ = {
			isa = PBXGroup;
			children = (
				6BC282B02815E58C00B73F97 /* AllItemsProtocols.swift */,
			);
			path = Protocols;
			sourceTree = "<group>";
		};
		6BC282B22815E5B100B73F97 /* View */ = {
			isa = PBXGroup;
			children = (
				6BC282B32815E5B100B73F97 /* AllItemsViewController.swift */,
				6BC282B42815E5B100B73F97 /* TableViewCell */,
			);
			path = View;
			sourceTree = "<group>";
		};
		6BC282B42815E5B100B73F97 /* TableViewCell */ = {
			isa = PBXGroup;
			children = (
				6BC282B52815E5B100B73F97 /* ViewModel */,
				6BC282B72815E5B100B73F97 /* CollectionViewCell */,
				6BC282BE2815E5B100B73F97 /* Presenter */,
				6BC282C02815E5B100B73F97 /* View */,
			);
			path = TableViewCell;
			sourceTree = "<group>";
		};
		6BC282B52815E5B100B73F97 /* ViewModel */ = {
			isa = PBXGroup;
			children = (
				6BC282B62815E5B100B73F97 /* AllItemsTableViewCellViewModel.swift */,
			);
			path = ViewModel;
			sourceTree = "<group>";
		};
		6BC282B72815E5B100B73F97 /* CollectionViewCell */ = {
			isa = PBXGroup;
			children = (
				6BC282B82815E5B100B73F97 /* ViewModel */,
				6BC282BA2815E5B100B73F97 /* Presenter */,
				6BC282BC2815E5B100B73F97 /* View */,
			);
			path = CollectionViewCell;
			sourceTree = "<group>";
		};
		6BC282B82815E5B100B73F97 /* ViewModel */ = {
			isa = PBXGroup;
			children = (
				6BC282B92815E5B100B73F97 /* AllItemsCollectionViewCellViewModel.swift */,
			);
			path = ViewModel;
			sourceTree = "<group>";
		};
		6BC282BA2815E5B100B73F97 /* Presenter */ = {
			isa = PBXGroup;
			children = (
				6BC282BB2815E5B100B73F97 /* AllItemsCollectionViewCellPresenter.swift */,
			);
			path = Presenter;
			sourceTree = "<group>";
		};
		6BC282BC2815E5B100B73F97 /* View */ = {
			isa = PBXGroup;
			children = (
				6BC282BD2815E5B100B73F97 /* AllItemsCollectionViewCell.swift */,
			);
			path = View;
			sourceTree = "<group>";
		};
		6BC282BE2815E5B100B73F97 /* Presenter */ = {
			isa = PBXGroup;
			children = (
				6BC282BF2815E5B100B73F97 /* AllItemsTableViewCellPresenter.swift */,
			);
			path = Presenter;
			sourceTree = "<group>";
		};
		6BC282C02815E5B100B73F97 /* View */ = {
			isa = PBXGroup;
			children = (
				6BC282C12815E5B100B73F97 /* AllItemsTableViewCell.swift */,
			);
			path = View;
			sourceTree = "<group>";
		};
		6BC282CB2815E5F600B73F97 /* Models */ = {
			isa = PBXGroup;
			children = (
				6BC282CC2815E5F600B73F97 /* AllItemsModel.swift */,
			);
			path = Models;
			sourceTree = "<group>";
		};
		6BC282CE2815E63300B73F97 /* Presenter */ = {
			isa = PBXGroup;
			children = (
				6BC282CF2815E63300B73F97 /* AllItemsPresenter.swift */,
			);
			path = Presenter;
			sourceTree = "<group>";
		};
		6BC282D62815E74B00B73F97 /* Interactor */ = {
			isa = PBXGroup;
			children = (
				6BC282D72815E74B00B73F97 /* AllItemsInteractor.swift */,
			);
			path = Interactor;
			sourceTree = "<group>";
		};
		6BC282D92815E77500B73F97 /* Router */ = {
			isa = PBXGroup;
			children = (
				6BC282DA2815E77500B73F97 /* AllItemsRouter.swift */,
			);
			path = Router;
			sourceTree = "<group>";
		};
		6BC282DC2815E77D00B73F97 /* Container */ = {
			isa = PBXGroup;
			children = (
				6BC282DD2815E77D00B73F97 /* AllItemsContainer.swift */,
			);
			path = Container;
			sourceTree = "<group>";
		};
		6BC52732280105050019BE5D /* Constants */ = {
			isa = PBXGroup;
			children = (
				6BC52733280105050019BE5D /* GlobalConstants.swift */,
			);
			path = Constants;
			sourceTree = "<group>";
		};
		6BC52735280110140019BE5D /* Look */ = {
			isa = PBXGroup;
			children = (
				6BC52736280110140019BE5D /* Presenter */,
				6BC52738280110140019BE5D /* Models */,
				6BC5273A280110140019BE5D /* Container */,
				6BC5273C280110140019BE5D /* View */,
				6BC5274E280110140019BE5D /* Protocols */,
				6BC52750280110140019BE5D /* Interactor */,
				6BC52752280110140019BE5D /* Router */,
			);
			path = Look;
			sourceTree = "<group>";
		};
		6BC52736280110140019BE5D /* Presenter */ = {
			isa = PBXGroup;
			children = (
				6BC52737280110140019BE5D /* LookPresenter.swift */,
			);
			path = Presenter;
			sourceTree = "<group>";
		};
		6BC52738280110140019BE5D /* Models */ = {
			isa = PBXGroup;
			children = (
				6BC52739280110140019BE5D /* LookModels.swift */,
			);
			path = Models;
			sourceTree = "<group>";
		};
		6BC5273A280110140019BE5D /* Container */ = {
			isa = PBXGroup;
			children = (
				6BC5273B280110140019BE5D /* LookContainer.swift */,
			);
			path = Container;
			sourceTree = "<group>";
		};
		6BC5273C280110140019BE5D /* View */ = {
			isa = PBXGroup;
			children = (
				6BC5273D280110140019BE5D /* LookViewController.swift */,
				6BC5273E280110140019BE5D /* TableViewCell */,
				6BC5274C280110140019BE5D /* SettingsMenu */,
			);
			path = View;
			sourceTree = "<group>";
		};
		6BC5273E280110140019BE5D /* TableViewCell */ = {
			isa = PBXGroup;
			children = (
				6BC5273F280110140019BE5D /* ViewModel */,
				6BC52741280110140019BE5D /* CollectionViewCell */,
				6BC52748280110140019BE5D /* Presenter */,
				6BC5274A280110140019BE5D /* View */,
			);
			path = TableViewCell;
			sourceTree = "<group>";
		};
		6BC5273F280110140019BE5D /* ViewModel */ = {
			isa = PBXGroup;
			children = (
				6BC52740280110140019BE5D /* LookTableViewCellViewModel.swift */,
			);
			path = ViewModel;
			sourceTree = "<group>";
		};
		6BC52741280110140019BE5D /* CollectionViewCell */ = {
			isa = PBXGroup;
			children = (
				6BC52742280110140019BE5D /* ViewModel */,
				6BC52744280110140019BE5D /* Presenter */,
				6BC52746280110140019BE5D /* View */,
			);
			path = CollectionViewCell;
			sourceTree = "<group>";
		};
		6BC52742280110140019BE5D /* ViewModel */ = {
			isa = PBXGroup;
			children = (
				6BC52743280110140019BE5D /* ItemCollectionViewCellViewModel.swift */,
			);
			path = ViewModel;
			sourceTree = "<group>";
		};
		6BC52744280110140019BE5D /* Presenter */ = {
			isa = PBXGroup;
			children = (
				6BC52745280110140019BE5D /* ItemCollectionVIewCellPresenter.swift */,
			);
			path = Presenter;
			sourceTree = "<group>";
		};
		6BC52746280110140019BE5D /* View */ = {
			isa = PBXGroup;
			children = (
				6BC52747280110140019BE5D /* ItemCollectionViewCell.swift */,
			);
			path = View;
			sourceTree = "<group>";
		};
		6BC52748280110140019BE5D /* Presenter */ = {
			isa = PBXGroup;
			children = (
				6BC52749280110140019BE5D /* LookTableViewCellPresenter.swift */,
			);
			path = Presenter;
			sourceTree = "<group>";
		};
		6BC5274A280110140019BE5D /* View */ = {
			isa = PBXGroup;
			children = (
				6BC5274B280110140019BE5D /* LookTableViewCell.swift */,
			);
			path = View;
			sourceTree = "<group>";
		};
		6BC5274C280110140019BE5D /* SettingsMenu */ = {
			isa = PBXGroup;
			children = (
				6BC5274D280110140019BE5D /* LookSettingsMenuView.swift */,
			);
			path = SettingsMenu;
			sourceTree = "<group>";
		};
		6BC5274E280110140019BE5D /* Protocols */ = {
			isa = PBXGroup;
			children = (
				6BC5274F280110140019BE5D /* LookProtocols.swift */,
			);
			path = Protocols;
			sourceTree = "<group>";
		};
		6BC52750280110140019BE5D /* Interactor */ = {
			isa = PBXGroup;
			children = (
				6BC52751280110140019BE5D /* LookInteractor.swift */,
			);
			path = Interactor;
			sourceTree = "<group>";
		};
		6BC52752280110140019BE5D /* Router */ = {
			isa = PBXGroup;
			children = (
				6BC52753280110140019BE5D /* LookRouter.swift */,
			);
			path = Router;
			sourceTree = "<group>";
		};
		6BC527622801103A0019BE5D /* Data */ = {
			isa = PBXGroup;
			children = (
				6BC52763280110450019BE5D /* RawModels */,
				6BC52768280111280019BE5D /* LookService.swift */,
				13900B152801DF1E0045A6F2 /* WardrobeService.swift */,
				6BC282D42815E69D00B73F97 /* ItemsService.swift */,
				6B66AAE52803C249000FFA99 /* UploadService.swift */,
				2B58B8C02815B9CB006A4D99 /* SettingsService.swift */,
			);
			path = Data;
			sourceTree = "<group>";
		};
		6BC52763280110450019BE5D /* RawModels */ = {
			isa = PBXGroup;
			children = (
				6BC282C92815E5DB00B73F97 /* AllItems.swift */,
				6BC52764280110660019BE5D /* Look.swift */,
				6BC52766280110870019BE5D /* Item.swift */,
				13900B0F2801DDB90045A6F2 /* Wardrobe.swift */,
				2B58B8C22815BDC2006A4D99 /* ResponseEditString.swift */,
			);
			path = RawModels;
			sourceTree = "<group>";
		};
		6BC5276A280112A60019BE5D /* Components */ = {
			isa = PBXGroup;
			children = (
				6BC52770280112BF0019BE5D /* WardrobeCell */,
				6BC5276B280112BB0019BE5D /* DropDownMenu */,
			);
			path = Components;
			sourceTree = "<group>";
		};
		6BC5276B280112BB0019BE5D /* DropDownMenu */ = {
			isa = PBXGroup;
			children = (
				6BC5276C280112BB0019BE5D /* DropDownView.swift */,
				6BC5276D280112BB0019BE5D /* DropTableCell.swift */,
			);
			path = DropDownMenu;
			sourceTree = "<group>";
		};
		6BC52770280112BF0019BE5D /* WardrobeCell */ = {
			isa = PBXGroup;
			children = (
				6BC5272E280104F00019BE5D /* WardrobeCell.swift */,
			);
			path = WardrobeCell;
			sourceTree = "<group>";
		};
/* End PBXGroup section */

/* Begin PBXNativeTarget section */
		2B8CF0EE27EFAFFB00765112 /* Dressed */ = {
			isa = PBXNativeTarget;
			buildConfigurationList = 2B8CF10327EFAFFE00765112 /* Build configuration list for PBXNativeTarget "Dressed" */;
			buildPhases = (
				2B8CF0EB27EFAFFB00765112 /* Sources */,
				2B8CF0EC27EFAFFB00765112 /* Frameworks */,
				2B8CF0ED27EFAFFB00765112 /* Resources */,
				2B60909C2801FC6E0031B8E7 /* ShellScript */,
			);
			buildRules = (
			);
			dependencies = (
			);
			name = Dressed;
			packageProductDependencies = (
				2BA04E0C27F8D73900499828 /* Alamofire */,
				2BA04E1C27F9EFEE00499828 /* PinLayout */,
				6BC526F12800C8710019BE5D /* Kingfisher */,
			);
			productName = Dressed;
			productReference = 2B8CF0EF27EFAFFB00765112 /* Dressed.app */;
			productType = "com.apple.product-type.application";
		};
/* End PBXNativeTarget section */

/* Begin PBXProject section */
		2B8CF0E727EFAFFB00765112 /* Project object */ = {
			isa = PBXProject;
			attributes = {
				BuildIndependentTargetsInParallel = 1;
				LastSwiftUpdateCheck = 1320;
				LastUpgradeCheck = 1320;
				TargetAttributes = {
					2B8CF0EE27EFAFFB00765112 = {
						CreatedOnToolsVersion = 13.2.1;
					};
				};
			};
			buildConfigurationList = 2B8CF0EA27EFAFFB00765112 /* Build configuration list for PBXProject "Dressed" */;
			compatibilityVersion = "Xcode 13.0";
			developmentRegion = en;
			hasScannedForEncodings = 0;
			knownRegions = (
				en,
				Base,
			);
			mainGroup = 2B8CF0E627EFAFFB00765112;
			packageReferences = (
				2BA04E0B27F8D73900499828 /* XCRemoteSwiftPackageReference "Alamofire" */,
				2BA04E1B27F9EFEE00499828 /* XCRemoteSwiftPackageReference "PinLayout" */,
				6BC526F02800C8710019BE5D /* XCRemoteSwiftPackageReference "Kingfisher" */,
			);
			productRefGroup = 2B8CF0F027EFAFFB00765112 /* Products */;
			projectDirPath = "";
			projectRoot = "";
			targets = (
				2B8CF0EE27EFAFFB00765112 /* Dressed */,
			);
		};
/* End PBXProject section */

/* Begin PBXResourcesBuildPhase section */
		2B8CF0ED27EFAFFB00765112 /* Resources */ = {
			isa = PBXResourcesBuildPhase;
			buildActionMask = 2147483647;
			files = (
				2BA04E532801BE6700499828 /* DMSans-Regular.ttf in Resources */,
				2B8CF10727EFB37700765112 /* Splashscreen.xib in Resources */,
				2BA04E512801BE6000499828 /* DMSans-Medium.ttf in Resources */,
				2BA04E4F2801BE5700499828 /* DMSans-Bold.ttf in Resources */,
				2B8CF0FC27EFAFFE00765112 /* Assets.xcassets in Resources */,
			);
			runOnlyForDeploymentPostprocessing = 0;
		};
/* End PBXResourcesBuildPhase section */

/* Begin PBXShellScriptBuildPhase section */
		2B60909C2801FC6E0031B8E7 /* ShellScript */ = {
			isa = PBXShellScriptBuildPhase;
			buildActionMask = 2147483647;
			files = (
			);
			inputFileListPaths = (
			);
			inputPaths = (
			);
			outputFileListPaths = (
			);
			outputPaths = (
			);
			runOnlyForDeploymentPostprocessing = 0;
			shellPath = /bin/sh;
			shellScript = "SWIFT_LINT=\"swiftlint\"\n\nif which ${SWIFT_LINT} >/dev/null; then\n${SWIFT_LINT} --fix\n${SWIFT_LINT} --config .swiftlint.yml\nelse\necho \"warning: SwiftLint not installed, 'brew install swiftlint' or download from https://github.com/realm/SwiftLint\"\nfi\n";
		};
/* End PBXShellScriptBuildPhase section */

/* Begin PBXSourcesBuildPhase section */
		2B8CF0EB27EFAFFB00765112 /* Sources */ = {
			isa = PBXSourcesBuildPhase;
			buildActionMask = 2147483647;
			files = (
				2BA04E412800CA6300499828 /* MainTabBar.swift in Sources */,
				6BC52765280110660019BE5D /* Look.swift in Sources */,
				2B58B8B32815B4EC006A4D99 /* SettingsTableViewCell.swift in Sources */,
				6B66AAD82803BD6E000FFA99 /* NewItemScreenProtocols.swift in Sources */,
				6BC282D52815E69D00B73F97 /* ItemsService.swift in Sources */,
				13900B0B2801DBDA0045A6F2 /* MainScreenCell.swift in Sources */,
				13900B082801DBDA0045A6F2 /* MainScreenInteractor.swift in Sources */,
				2BA04E2027F9F0A000499828 /* Colors.swift in Sources */,
				6BC52755280110140019BE5D /* LookModels.swift in Sources */,
				6B66AAE92803C393000FFA99 /* NewItemScreenContainer.swift in Sources */,
				6BC5275B280110140019BE5D /* ItemCollectionViewCell.swift in Sources */,
				6BC52759280110140019BE5D /* ItemCollectionViewCellViewModel.swift in Sources */,
				6BC52734280105050019BE5D /* GlobalConstants.swift in Sources */,
				6B66AAE12803C176000FFA99 /* NewItemScreenRouter.swift in Sources */,
				2BA04DFA27F8D07C00499828 /* LoginProtocols.swift in Sources */,
				13900B0C2801DBDA0045A6F2 /* MainScreenViewController.swift in Sources */,
				2B8CF0F327EFAFFB00765112 /* AppDelegate.swift in Sources */,
				2BA04DF827F8D02B00499828 /* LoginInteractor.swift in Sources */,
				2BA04E0027F8D14300499828 /* LoginPresenter.swift in Sources */,
				6BC282C62815E5B100B73F97 /* AllItemsCollectionViewCell.swift in Sources */,
				6BC5276F280112BB0019BE5D /* DropTableCell.swift in Sources */,
				6B66AAE42803C22D000FFA99 /* NewItemScreenInteractor.swift in Sources */,
				13900B122801DE690045A6F2 /* AddWardrobeCell.swift in Sources */,
				6BC5275C280110140019BE5D /* LookTableViewCellPresenter.swift in Sources */,
				13900B0D2801DBDA0045A6F2 /* MainScreenProtocols.swift in Sources */,
				2B58B8BF2815B6A1006A4D99 /* SettingsViewController.swift in Sources */,
				13900AFA2801DBD30045A6F2 /* MainScreenContainer.swift in Sources */,
				2BA04DF627F8CFCF00499828 /* LoginViewController.swift in Sources */,
				13900B0A2801DBDA0045A6F2 /* MainScreenPresenter.swift in Sources */,
				2BA04E322800BEA500499828 /* RegisterModels.swift in Sources */,
				6BC282DE2815E77D00B73F97 /* AllItemsContainer.swift in Sources */,
				6BC282D02815E63300B73F97 /* AllItemsPresenter.swift in Sources */,
				2B58B8B72815B574006A4D99 /* SettingsInteractor.swift in Sources */,
				2BA04DFE27F8D0DE00499828 /* LoginModels.swift in Sources */,
				6BC282C72815E5B100B73F97 /* AllItemsTableViewCellPresenter.swift in Sources */,
				2B58B8B92815B5C8006A4D99 /* SettingsPresenter.swift in Sources */,
				6BC52769280111280019BE5D /* LookService.swift in Sources */,
				6BC52761280110140019BE5D /* LookRouter.swift in Sources */,
				6B66AAE62803C249000FFA99 /* UploadService.swift in Sources */,
				2BA04DFC27F8D0A000499828 /* LoginRouter.swift in Sources */,
				6BC52730280104F00019BE5D /* WardrobeCell.swift in Sources */,
				13900B092801DBDA0045A6F2 /* WardrobeData.swift in Sources */,
				2BA04DF427F8CFA400499828 /* LoginContainer.swift in Sources */,
				6BC282C82815E5B100B73F97 /* AllItemsTableViewCell.swift in Sources */,
				2BA04E362800BEF000499828 /* RegisterProtocols.swift in Sources */,
				2BA04E1427F8D9CE00499828 /* AuthRawModels.swift in Sources */,
				6BC5275E280110140019BE5D /* LookSettingsMenuView.swift in Sources */,
				6BC52756280110140019BE5D /* LookContainer.swift in Sources */,
				6BC5276E280112BB0019BE5D /* DropDownView.swift in Sources */,
				2BA04E0A27F8D68A00499828 /* NetworkService.swift in Sources */,
				2BA04E1127F8D90000499828 /* AuthService.swift in Sources */,
				13900B102801DDB90045A6F2 /* Wardrobe.swift in Sources */,
				6BC5275A280110140019BE5D /* ItemCollectionVIewCellPresenter.swift in Sources */,
				6BC52767280110870019BE5D /* Item.swift in Sources */,
				6B66AADE2803C00B000FFA99 /* NewItemScreenPresenter.swift in Sources */,
				2BA04E2E2800BE2C00499828 /* RegisterContainer.swift in Sources */,
				6BC282B12815E58C00B73F97 /* AllItemsProtocols.swift in Sources */,
				2BA04E3D2800C92C00499828 /* SplashScreenViewController.swift in Sources */,
				6BC282D82815E74B00B73F97 /* AllItemsInteractor.swift in Sources */,
				2BA04E302800BE6000499828 /* RegisterInteractor.swift in Sources */,
				2BA04E342800BECE00499828 /* RegisterPresenter.swift in Sources */,
				2BA04E432800CA8600499828 /* MainTabBarContainer.swift in Sources */,
				2B8CF0F527EFAFFB00765112 /* SceneDelegate.swift in Sources */,
				2BA04E472800CBCF00499828 /* AllClothesContainer.swift in Sources */,
				2B58B8BB2815B614006A4D99 /* SettingsProtocols.swift in Sources */,
				13900B0E2801DBDA0045A6F2 /* MainScreenRouter.swift in Sources */,
				2BA04E302800BE6000499828 /* RegisterInteractor.swift in Sources */,
				2B58B8BD2815B64A006A4D99 /* SettingsRouter.swift in Sources */,
				2BA04E342800BECE00499828 /* RegisterPresenter.swift in Sources */,
				2BA04E382800BF3D00499828 /* RegisterRouter.swift in Sources */,
				6BC282DB2815E77500B73F97 /* AllItemsRouter.swift in Sources */,
				2BA04E1A27F8DA2600499828 /* Errors.swift in Sources */,
				6B66AADB2803BD81000FFA99 /* NewItemScreenViewController.swift in Sources */,
				2BA04E4C2800CCB000499828 /* MainScreenContainer.swift in Sources */,
				6BC282C52815E5B100B73F97 /* AllItemsCollectionViewCellPresenter.swift in Sources */,
				2BA04E3A2800BF7A00499828 /* RegisterViewController.swift in Sources */,
				6B66AAD42801EF67000FFA99 /* Result.swift in Sources */,
				2BA04E0F27F8D7FD00499828 /* NetworkProtocols.swift in Sources */,
				2BA04E2427F9F1E500499828 /* WardrobeExtensions.swift in Sources */,
				6BC5275F280110140019BE5D /* LookProtocols.swift in Sources */,
				6BC282C22815E5B100B73F97 /* AllItemsViewController.swift in Sources */,
				13900B162801DF1E0045A6F2 /* WardrobeService.swift in Sources */,
				6BC282C42815E5B100B73F97 /* AllItemsCollectionViewCellViewModel.swift in Sources */,
				6BC5275D280110140019BE5D /* LookTableViewCell.swift in Sources */,
				2B58B8B52815B547006A4D99 /* SettingsContainer.swift in Sources */,
				6BC52757280110140019BE5D /* LookViewController.swift in Sources */,
				6BC52758280110140019BE5D /* LookTableViewCellViewModel.swift in Sources */,
				6BC282CD2815E5F600B73F97 /* AllItemsModel.swift in Sources */,
				6BC282C32815E5B100B73F97 /* AllItemsTableViewCellViewModel.swift in Sources */,
				6BC52754280110140019BE5D /* LookPresenter.swift in Sources */,
				6BC282CA2815E5DB00B73F97 /* AllItems.swift in Sources */,
				2B58B8C12815B9CB006A4D99 /* SettingsService.swift in Sources */,
				6BC52760280110140019BE5D /* LookInteractor.swift in Sources */,
				2B58B8C32815BDC2006A4D99 /* ResponseEditString.swift in Sources */,
			);
			runOnlyForDeploymentPostprocessing = 0;
		};
/* End PBXSourcesBuildPhase section */

/* Begin XCBuildConfiguration section */
		2B8CF10127EFAFFE00765112 /* Debug */ = {
			isa = XCBuildConfiguration;
			buildSettings = {
				ALWAYS_SEARCH_USER_PATHS = NO;
				CLANG_ANALYZER_NONNULL = YES;
				CLANG_ANALYZER_NUMBER_OBJECT_CONVERSION = YES_AGGRESSIVE;
				CLANG_CXX_LANGUAGE_STANDARD = "gnu++17";
				CLANG_CXX_LIBRARY = "libc++";
				CLANG_ENABLE_MODULES = YES;
				CLANG_ENABLE_OBJC_ARC = YES;
				CLANG_ENABLE_OBJC_WEAK = YES;
				CLANG_WARN_BLOCK_CAPTURE_AUTORELEASING = YES;
				CLANG_WARN_BOOL_CONVERSION = YES;
				CLANG_WARN_COMMA = YES;
				CLANG_WARN_CONSTANT_CONVERSION = YES;
				CLANG_WARN_DEPRECATED_OBJC_IMPLEMENTATIONS = YES;
				CLANG_WARN_DIRECT_OBJC_ISA_USAGE = YES_ERROR;
				CLANG_WARN_DOCUMENTATION_COMMENTS = YES;
				CLANG_WARN_EMPTY_BODY = YES;
				CLANG_WARN_ENUM_CONVERSION = YES;
				CLANG_WARN_INFINITE_RECURSION = YES;
				CLANG_WARN_INT_CONVERSION = YES;
				CLANG_WARN_NON_LITERAL_NULL_CONVERSION = YES;
				CLANG_WARN_OBJC_IMPLICIT_RETAIN_SELF = YES;
				CLANG_WARN_OBJC_LITERAL_CONVERSION = YES;
				CLANG_WARN_OBJC_ROOT_CLASS = YES_ERROR;
				CLANG_WARN_QUOTED_INCLUDE_IN_FRAMEWORK_HEADER = YES;
				CLANG_WARN_RANGE_LOOP_ANALYSIS = YES;
				CLANG_WARN_STRICT_PROTOTYPES = YES;
				CLANG_WARN_SUSPICIOUS_MOVE = YES;
				CLANG_WARN_UNGUARDED_AVAILABILITY = YES_AGGRESSIVE;
				CLANG_WARN_UNREACHABLE_CODE = YES;
				CLANG_WARN__DUPLICATE_METHOD_MATCH = YES;
				COPY_PHASE_STRIP = NO;
				DEBUG_INFORMATION_FORMAT = dwarf;
				ENABLE_STRICT_OBJC_MSGSEND = YES;
				ENABLE_TESTABILITY = YES;
				GCC_C_LANGUAGE_STANDARD = gnu11;
				GCC_DYNAMIC_NO_PIC = NO;
				GCC_NO_COMMON_BLOCKS = YES;
				GCC_OPTIMIZATION_LEVEL = 0;
				GCC_PREPROCESSOR_DEFINITIONS = (
					"DEBUG=1",
					"$(inherited)",
				);
				GCC_WARN_64_TO_32_BIT_CONVERSION = YES;
				GCC_WARN_ABOUT_RETURN_TYPE = YES_ERROR;
				GCC_WARN_UNDECLARED_SELECTOR = YES;
				GCC_WARN_UNINITIALIZED_AUTOS = YES_AGGRESSIVE;
				GCC_WARN_UNUSED_FUNCTION = YES;
				GCC_WARN_UNUSED_VARIABLE = YES;
				IPHONEOS_DEPLOYMENT_TARGET = 15.2;
				MTL_ENABLE_DEBUG_INFO = INCLUDE_SOURCE;
				MTL_FAST_MATH = YES;
				ONLY_ACTIVE_ARCH = YES;
				SDKROOT = iphoneos;
				SWIFT_ACTIVE_COMPILATION_CONDITIONS = DEBUG;
				SWIFT_OPTIMIZATION_LEVEL = "-Onone";
			};
			name = Debug;
		};
		2B8CF10227EFAFFE00765112 /* Release */ = {
			isa = XCBuildConfiguration;
			buildSettings = {
				ALWAYS_SEARCH_USER_PATHS = NO;
				CLANG_ANALYZER_NONNULL = YES;
				CLANG_ANALYZER_NUMBER_OBJECT_CONVERSION = YES_AGGRESSIVE;
				CLANG_CXX_LANGUAGE_STANDARD = "gnu++17";
				CLANG_CXX_LIBRARY = "libc++";
				CLANG_ENABLE_MODULES = YES;
				CLANG_ENABLE_OBJC_ARC = YES;
				CLANG_ENABLE_OBJC_WEAK = YES;
				CLANG_WARN_BLOCK_CAPTURE_AUTORELEASING = YES;
				CLANG_WARN_BOOL_CONVERSION = YES;
				CLANG_WARN_COMMA = YES;
				CLANG_WARN_CONSTANT_CONVERSION = YES;
				CLANG_WARN_DEPRECATED_OBJC_IMPLEMENTATIONS = YES;
				CLANG_WARN_DIRECT_OBJC_ISA_USAGE = YES_ERROR;
				CLANG_WARN_DOCUMENTATION_COMMENTS = YES;
				CLANG_WARN_EMPTY_BODY = YES;
				CLANG_WARN_ENUM_CONVERSION = YES;
				CLANG_WARN_INFINITE_RECURSION = YES;
				CLANG_WARN_INT_CONVERSION = YES;
				CLANG_WARN_NON_LITERAL_NULL_CONVERSION = YES;
				CLANG_WARN_OBJC_IMPLICIT_RETAIN_SELF = YES;
				CLANG_WARN_OBJC_LITERAL_CONVERSION = YES;
				CLANG_WARN_OBJC_ROOT_CLASS = YES_ERROR;
				CLANG_WARN_QUOTED_INCLUDE_IN_FRAMEWORK_HEADER = YES;
				CLANG_WARN_RANGE_LOOP_ANALYSIS = YES;
				CLANG_WARN_STRICT_PROTOTYPES = YES;
				CLANG_WARN_SUSPICIOUS_MOVE = YES;
				CLANG_WARN_UNGUARDED_AVAILABILITY = YES_AGGRESSIVE;
				CLANG_WARN_UNREACHABLE_CODE = YES;
				CLANG_WARN__DUPLICATE_METHOD_MATCH = YES;
				COPY_PHASE_STRIP = NO;
				DEBUG_INFORMATION_FORMAT = "dwarf-with-dsym";
				ENABLE_NS_ASSERTIONS = NO;
				ENABLE_STRICT_OBJC_MSGSEND = YES;
				GCC_C_LANGUAGE_STANDARD = gnu11;
				GCC_NO_COMMON_BLOCKS = YES;
				GCC_WARN_64_TO_32_BIT_CONVERSION = YES;
				GCC_WARN_ABOUT_RETURN_TYPE = YES_ERROR;
				GCC_WARN_UNDECLARED_SELECTOR = YES;
				GCC_WARN_UNINITIALIZED_AUTOS = YES_AGGRESSIVE;
				GCC_WARN_UNUSED_FUNCTION = YES;
				GCC_WARN_UNUSED_VARIABLE = YES;
				IPHONEOS_DEPLOYMENT_TARGET = 15.2;
				MTL_ENABLE_DEBUG_INFO = NO;
				MTL_FAST_MATH = YES;
				SDKROOT = iphoneos;
				SWIFT_COMPILATION_MODE = wholemodule;
				SWIFT_OPTIMIZATION_LEVEL = "-O";
				VALIDATE_PRODUCT = YES;
			};
			name = Release;
		};
		2B8CF10427EFAFFE00765112 /* Debug */ = {
			isa = XCBuildConfiguration;
			buildSettings = {
				ASSETCATALOG_COMPILER_APPICON_NAME = AppIcon;
				ASSETCATALOG_COMPILER_GLOBAL_ACCENT_COLOR_NAME = AccentColor;
				CODE_SIGN_STYLE = Automatic;
				CURRENT_PROJECT_VERSION = 1;
				DEVELOPMENT_TEAM = 5WK7AWBT7Z;
				GENERATE_INFOPLIST_FILE = YES;
				INFOPLIST_FILE = Dressed/Info.plist;
				INFOPLIST_KEY_UIApplicationSupportsIndirectInputEvents = YES;
				INFOPLIST_KEY_UILaunchStoryboardName = Splashscreen;
				INFOPLIST_KEY_UISupportedInterfaceOrientations_iPad = "UIInterfaceOrientationPortrait UIInterfaceOrientationPortraitUpsideDown UIInterfaceOrientationLandscapeLeft UIInterfaceOrientationLandscapeRight";
				INFOPLIST_KEY_UISupportedInterfaceOrientations_iPhone = "UIInterfaceOrientationPortrait UIInterfaceOrientationLandscapeLeft UIInterfaceOrientationLandscapeRight";
				IPHONEOS_DEPLOYMENT_TARGET = 14.0;
				LD_RUNPATH_SEARCH_PATHS = (
					"$(inherited)",
					"@executable_path/Frameworks",
				);
				MARKETING_VERSION = 1.0;
				PRODUCT_BUNDLE_IDENTIFIER = vkrivozubov.Dressed;
				PRODUCT_NAME = "$(TARGET_NAME)";
				SWIFT_EMIT_LOC_STRINGS = YES;
				SWIFT_VERSION = 5.0;
				TARGETED_DEVICE_FAMILY = "1,2";
			};
			name = Debug;
		};
		2B8CF10527EFAFFE00765112 /* Release */ = {
			isa = XCBuildConfiguration;
			buildSettings = {
				ASSETCATALOG_COMPILER_APPICON_NAME = AppIcon;
				ASSETCATALOG_COMPILER_GLOBAL_ACCENT_COLOR_NAME = AccentColor;
				CODE_SIGN_STYLE = Automatic;
				CURRENT_PROJECT_VERSION = 1;
				DEVELOPMENT_TEAM = 5WK7AWBT7Z;
				GENERATE_INFOPLIST_FILE = YES;
				INFOPLIST_FILE = Dressed/Info.plist;
				INFOPLIST_KEY_UIApplicationSupportsIndirectInputEvents = YES;
				INFOPLIST_KEY_UILaunchStoryboardName = Splashscreen;
				INFOPLIST_KEY_UISupportedInterfaceOrientations_iPad = "UIInterfaceOrientationPortrait UIInterfaceOrientationPortraitUpsideDown UIInterfaceOrientationLandscapeLeft UIInterfaceOrientationLandscapeRight";
				INFOPLIST_KEY_UISupportedInterfaceOrientations_iPhone = "UIInterfaceOrientationPortrait UIInterfaceOrientationLandscapeLeft UIInterfaceOrientationLandscapeRight";
				IPHONEOS_DEPLOYMENT_TARGET = 14.0;
				LD_RUNPATH_SEARCH_PATHS = (
					"$(inherited)",
					"@executable_path/Frameworks",
				);
				MARKETING_VERSION = 1.0;
				PRODUCT_BUNDLE_IDENTIFIER = vkrivozubov.Dressed;
				PRODUCT_NAME = "$(TARGET_NAME)";
				SWIFT_EMIT_LOC_STRINGS = YES;
				SWIFT_VERSION = 5.0;
				TARGETED_DEVICE_FAMILY = "1,2";
			};
			name = Release;
		};
/* End XCBuildConfiguration section */

/* Begin XCConfigurationList section */
		2B8CF0EA27EFAFFB00765112 /* Build configuration list for PBXProject "Dressed" */ = {
			isa = XCConfigurationList;
			buildConfigurations = (
				2B8CF10127EFAFFE00765112 /* Debug */,
				2B8CF10227EFAFFE00765112 /* Release */,
			);
			defaultConfigurationIsVisible = 0;
			defaultConfigurationName = Release;
		};
		2B8CF10327EFAFFE00765112 /* Build configuration list for PBXNativeTarget "Dressed" */ = {
			isa = XCConfigurationList;
			buildConfigurations = (
				2B8CF10427EFAFFE00765112 /* Debug */,
				2B8CF10527EFAFFE00765112 /* Release */,
			);
			defaultConfigurationIsVisible = 0;
			defaultConfigurationName = Release;
		};
/* End XCConfigurationList section */

/* Begin XCRemoteSwiftPackageReference section */
		2BA04E0B27F8D73900499828 /* XCRemoteSwiftPackageReference "Alamofire" */ = {
			isa = XCRemoteSwiftPackageReference;
			repositoryURL = "https://github.com/Alamofire/Alamofire";
			requirement = {
				kind = upToNextMajorVersion;
				minimumVersion = 5.0.0;
			};
		};
		2BA04E1B27F9EFEE00499828 /* XCRemoteSwiftPackageReference "PinLayout" */ = {
			isa = XCRemoteSwiftPackageReference;
			repositoryURL = "https://github.com/layoutBox/PinLayout";
			requirement = {
				kind = upToNextMajorVersion;
				minimumVersion = 1.0.0;
			};
		};
		6BC526F02800C8710019BE5D /* XCRemoteSwiftPackageReference "Kingfisher" */ = {
			isa = XCRemoteSwiftPackageReference;
			repositoryURL = "https://github.com/onevcat/Kingfisher";
			requirement = {
				kind = upToNextMajorVersion;
				minimumVersion = 7.0.0;
			};
		};
/* End XCRemoteSwiftPackageReference section */

/* Begin XCSwiftPackageProductDependency section */
		2BA04E0C27F8D73900499828 /* Alamofire */ = {
			isa = XCSwiftPackageProductDependency;
			package = 2BA04E0B27F8D73900499828 /* XCRemoteSwiftPackageReference "Alamofire" */;
			productName = Alamofire;
		};
		2BA04E1C27F9EFEE00499828 /* PinLayout */ = {
			isa = XCSwiftPackageProductDependency;
			package = 2BA04E1B27F9EFEE00499828 /* XCRemoteSwiftPackageReference "PinLayout" */;
			productName = PinLayout;
		};
		6BC526F12800C8710019BE5D /* Kingfisher */ = {
			isa = XCSwiftPackageProductDependency;
			package = 6BC526F02800C8710019BE5D /* XCRemoteSwiftPackageReference "Kingfisher" */;
			productName = Kingfisher;
		};
/* End XCSwiftPackageProductDependency section */
	};
	rootObject = 2B8CF0E727EFAFFB00765112 /* Project object */;
}
